// !$*UTF8*$!
{
	archiveVersion = 1;
	classes = {
	};
	objectVersion = 46;
	objects = {

/* Begin PBXBuildFile section */
		DF67090E1F672E7E00D4AC39 /* MapKit.framework in Frameworks */ = {isa = PBXBuildFile; fileRef = DF67090D1F672E7E00D4AC39 /* MapKit.framework */; };
		DF6709101F67317400D4AC39 /* MapViewController.swift in Sources */ = {isa = PBXBuildFile; fileRef = DF67090F1F67317400D4AC39 /* MapViewController.swift */; };
		DFB4065A1F670C4C00784FC6 /* ConversionViewController.swift in Sources */ = {isa = PBXBuildFile; fileRef = DFB406591F670C4C00784FC6 /* ConversionViewController.swift */; };
		DFDC83C61F66E54000BC1792 /* AppDelegate.swift in Sources */ = {isa = PBXBuildFile; fileRef = DFDC83C51F66E54000BC1792 /* AppDelegate.swift */; };
		DFDC83C81F66E54000BC1792 /* ViewController.swift in Sources */ = {isa = PBXBuildFile; fileRef = DFDC83C71F66E54000BC1792 /* ViewController.swift */; };
		DFDC83CB1F66E54000BC1792 /* Main.storyboard in Resources */ = {isa = PBXBuildFile; fileRef = DFDC83C91F66E54000BC1792 /* Main.storyboard */; };
		DFDC83CD1F66E54000BC1792 /* Assets.xcassets in Resources */ = {isa = PBXBuildFile; fileRef = DFDC83CC1F66E54000BC1792 /* Assets.xcassets */; };
		DFDC83D01F66E54000BC1792 /* LaunchScreen.storyboard in Resources */ = {isa = PBXBuildFile; fileRef = DFDC83CE1F66E54000BC1792 /* LaunchScreen.storyboard */; };
		DFDC83DB1F66E54000BC1792 /* WorldTrotterTests.swift in Sources */ = {isa = PBXBuildFile; fileRef = DFDC83DA1F66E54000BC1792 /* WorldTrotterTests.swift */; };
/* End PBXBuildFile section */

/* Begin PBXContainerItemProxy section */
		DFDC83D71F66E54000BC1792 /* PBXContainerItemProxy */ = {
			isa = PBXContainerItemProxy;
			containerPortal = DFDC83BA1F66E54000BC1792 /* Project object */;
			proxyType = 1;
			remoteGlobalIDString = DFDC83C11F66E54000BC1792;
			remoteInfo = WorldTrotter;
		};
/* End PBXContainerItemProxy section */

/* Begin PBXFileReference section */
		DF67090D1F672E7E00D4AC39 /* MapKit.framework */ = {isa = PBXFileReference; lastKnownFileType = wrapper.framework; name = MapKit.framework; path = System/Library/Frameworks/MapKit.framework; sourceTree = SDKROOT; };
		DF67090F1F67317400D4AC39 /* MapViewController.swift */ = {isa = PBXFileReference; fileEncoding = 4; lastKnownFileType = sourcecode.swift; path = MapViewController.swift; sourceTree = "<group>"; };
		DFB406591F670C4C00784FC6 /* ConversionViewController.swift */ = {isa = PBXFileReference; fileEncoding = 4; lastKnownFileType = sourcecode.swift; path = ConversionViewController.swift; sourceTree = "<group>"; };
		DFDC83C21F66E54000BC1792 /* WorldTrotter.app */ = {isa = PBXFileReference; explicitFileType = wrapper.application; includeInIndex = 0; path = WorldTrotter.app; sourceTree = BUILT_PRODUCTS_DIR; };
		DFDC83C51F66E54000BC1792 /* AppDelegate.swift */ = {isa = PBXFileReference; lastKnownFileType = sourcecode.swift; path = AppDelegate.swift; sourceTree = "<group>"; };
		DFDC83C71F66E54000BC1792 /* ViewController.swift */ = {isa = PBXFileReference; lastKnownFileType = sourcecode.swift; path = ViewController.swift; sourceTree = "<group>"; };
		DFDC83CA1F66E54000BC1792 /* Base */ = {isa = PBXFileReference; lastKnownFileType = file.storyboard; name = Base; path = Base.lproj/Main.storyboard; sourceTree = "<group>"; };
		DFDC83CC1F66E54000BC1792 /* Assets.xcassets */ = {isa = PBXFileReference; lastKnownFileType = folder.assetcatalog; path = Assets.xcassets; sourceTree = "<group>"; };
		DFDC83CF1F66E54000BC1792 /* Base */ = {isa = PBXFileReference; lastKnownFileType = file.storyboard; name = Base; path = Base.lproj/LaunchScreen.storyboard; sourceTree = "<group>"; };
		DFDC83D11F66E54000BC1792 /* Info.plist */ = {isa = PBXFileReference; lastKnownFileType = text.plist.xml; path = Info.plist; sourceTree = "<group>"; };
		DFDC83D61F66E54000BC1792 /* WorldTrotterTests.xctest */ = {isa = PBXFileReference; explicitFileType = wrapper.cfbundle; includeInIndex = 0; path = WorldTrotterTests.xctest; sourceTree = BUILT_PRODUCTS_DIR; };
		DFDC83DA1F66E54000BC1792 /* WorldTrotterTests.swift */ = {isa = PBXFileReference; lastKnownFileType = sourcecode.swift; path = WorldTrotterTests.swift; sourceTree = "<group>"; };
		DFDC83DC1F66E54000BC1792 /* Info.plist */ = {isa = PBXFileReference; lastKnownFileType = text.plist.xml; path = Info.plist; sourceTree = "<group>"; };
/* End PBXFileReference section */

/* Begin PBXFrameworksBuildPhase section */
		DFDC83BF1F66E54000BC1792 /* Frameworks */ = {
			isa = PBXFrameworksBuildPhase;
			buildActionMask = 2147483647;
			files = (
				DF67090E1F672E7E00D4AC39 /* MapKit.framework in Frameworks */,
			);
			runOnlyForDeploymentPostprocessing = 0;
		};
		DFDC83D31F66E54000BC1792 /* Frameworks */ = {
			isa = PBXFrameworksBuildPhase;
			buildActionMask = 2147483647;
			files = (
			);
			runOnlyForDeploymentPostprocessing = 0;
		};
/* End PBXFrameworksBuildPhase section */

/* Begin PBXGroup section */
		DF67090C1F672E7E00D4AC39 /* Frameworks */ = {
			isa = PBXGroup;
			children = (
				DF67090D1F672E7E00D4AC39 /* MapKit.framework */,
			);
			name = Frameworks;
			sourceTree = "<group>";
		};
		DFDC83B91F66E54000BC1792 = {
			isa = PBXGroup;
			children = (
				DFDC83C41F66E54000BC1792 /* WorldTrotter */,
				DFDC83D91F66E54000BC1792 /* WorldTrotterTests */,
				DFDC83C31F66E54000BC1792 /* Products */,
				DF67090C1F672E7E00D4AC39 /* Frameworks */,
			);
			sourceTree = "<group>";
		};
		DFDC83C31F66E54000BC1792 /* Products */ = {
			isa = PBXGroup;
			children = (
				DFDC83C21F66E54000BC1792 /* WorldTrotter.app */,
				DFDC83D61F66E54000BC1792 /* WorldTrotterTests.xctest */,
			);
			name = Products;
			sourceTree = "<group>";
		};
		DFDC83C41F66E54000BC1792 /* WorldTrotter */ = {
			isa = PBXGroup;
			children = (
				DFDC83C51F66E54000BC1792 /* AppDelegate.swift */,
				DFDC83C71F66E54000BC1792 /* ViewController.swift */,
				DFDC83C91F66E54000BC1792 /* Main.storyboard */,
				DFDC83CC1F66E54000BC1792 /* Assets.xcassets */,
				DFDC83CE1F66E54000BC1792 /* LaunchScreen.storyboard */,
				DFDC83D11F66E54000BC1792 /* Info.plist */,
				DFB406591F670C4C00784FC6 /* ConversionViewController.swift */,
				DF67090F1F67317400D4AC39 /* MapViewController.swift */,
			);
			path = WorldTrotter;
			sourceTree = "<group>";
		};
		DFDC83D91F66E54000BC1792 /* WorldTrotterTests */ = {
			isa = PBXGroup;
			children = (
				DFDC83DA1F66E54000BC1792 /* WorldTrotterTests.swift */,
				DFDC83DC1F66E54000BC1792 /* Info.plist */,
			);
			path = WorldTrotterTests;
			sourceTree = "<group>";
		};
/* End PBXGroup section */

/* Begin PBXNativeTarget section */
		DFDC83C11F66E54000BC1792 /* WorldTrotter */ = {
			isa = PBXNativeTarget;
			buildConfigurationList = DFDC83DF1F66E54000BC1792 /* Build configuration list for PBXNativeTarget "WorldTrotter" */;
			buildPhases = (
				DFDC83BE1F66E54000BC1792 /* Sources */,
				DFDC83BF1F66E54000BC1792 /* Frameworks */,
				DFDC83C01F66E54000BC1792 /* Resources */,
			);
			buildRules = (
			);
			dependencies = (
			);
			name = WorldTrotter;
			productName = WorldTrotter;
			productReference = DFDC83C21F66E54000BC1792 /* WorldTrotter.app */;
			productType = "com.apple.product-type.application";
		};
		DFDC83D51F66E54000BC1792 /* WorldTrotterTests */ = {
			isa = PBXNativeTarget;
			buildConfigurationList = DFDC83E21F66E54000BC1792 /* Build configuration list for PBXNativeTarget "WorldTrotterTests" */;
			buildPhases = (
				DFDC83D21F66E54000BC1792 /* Sources */,
				DFDC83D31F66E54000BC1792 /* Frameworks */,
				DFDC83D41F66E54000BC1792 /* Resources */,
			);
			buildRules = (
			);
			dependencies = (
				DFDC83D81F66E54000BC1792 /* PBXTargetDependency */,
			);
			name = WorldTrotterTests;
			productName = WorldTrotterTests;
			productReference = DFDC83D61F66E54000BC1792 /* WorldTrotterTests.xctest */;
			productType = "com.apple.product-type.bundle.unit-test";
		};
/* End PBXNativeTarget section */

/* Begin PBXProject section */
		DFDC83BA1F66E54000BC1792 /* Project object */ = {
			isa = PBXProject;
			attributes = {
				LastSwiftUpdateCheck = 0830;
				LastUpgradeCheck = 0830;
				ORGANIZATIONNAME = "Robert Steiner";
				TargetAttributes = {
					DFDC83C11F66E54000BC1792 = {
						CreatedOnToolsVersion = 8.3.3;
						ProvisioningStyle = Automatic;
					};
					DFDC83D51F66E54000BC1792 = {
						CreatedOnToolsVersion = 8.3.3;
						ProvisioningStyle = Automatic;
						TestTargetID = DFDC83C11F66E54000BC1792;
					};
				};
			};
			buildConfigurationList = DFDC83BD1F66E54000BC1792 /* Build configuration list for PBXProject "WorldTrotter" */;
			compatibilityVersion = "Xcode 3.2";
			developmentRegion = English;
			hasScannedForEncodings = 0;
			knownRegions = (
				en,
				Base,
			);
			mainGroup = DFDC83B91F66E54000BC1792;
			productRefGroup = DFDC83C31F66E54000BC1792 /* Products */;
			projectDirPath = "";
			projectRoot = "";
			targets = (
				DFDC83C11F66E54000BC1792 /* WorldTrotter */,
				DFDC83D51F66E54000BC1792 /* WorldTrotterTests */,
			);
		};
/* End PBXProject section */

/* Begin PBXResourcesBuildPhase section */
		DFDC83C01F66E54000BC1792 /* Resources */ = {
			isa = PBXResourcesBuildPhase;
			buildActionMask = 2147483647;
			files = (
				DFDC83D01F66E54000BC1792 /* LaunchScreen.storyboard in Resources */,
				DFDC83CD1F66E54000BC1792 /* Assets.xcassets in Resources */,
				DFDC83CB1F66E54000BC1792 /* Main.storyboard in Resources */,
			);
			runOnlyForDeploymentPostprocessing = 0;
		};
		DFDC83D41F66E54000BC1792 /* Resources */ = {
			isa = PBXResourcesBuildPhase;
			buildActionMask = 2147483647;
			files = (
			);
			runOnlyForDeploymentPostprocessing = 0;
		};
/* End PBXResourcesBuildPhase section */

/* Begin PBXSourcesBuildPhase section */
		DFDC83BE1F66E54000BC1792 /* Sources */ = {
			isa = PBXSourcesBuildPhase;
			buildActionMask = 2147483647;
			files = (
				DFDC83C81F66E54000BC1792 /* ViewController.swift in Sources */,
				DFB4065A1F670C4C00784FC6 /* ConversionViewController.swift in Sources */,
				DFDC83C61F66E54000BC1792 /* AppDelegate.swift in Sources */,
				DF6709101F67317400D4AC39 /* MapViewController.swift in Sources */,
			);
			runOnlyForDeploymentPostprocessing = 0;
		};
		DFDC83D21F66E54000BC1792 /* Sources */ = {
			isa = PBXSourcesBuildPhase;
			buildActionMask = 2147483647;
			files = (
				DFDC83DB1F66E54000BC1792 /* WorldTrotterTests.swift in Sources */,
			);
			runOnlyForDeploymentPostprocessing = 0;
		};
/* End PBXSourcesBuildPhase section */

/* Begin PBXTargetDependency section */
		DFDC83D81F66E54000BC1792 /* PBXTargetDependency */ = {
			isa = PBXTargetDependency;
			target = DFDC83C11F66E54000BC1792 /* WorldTrotter */;
			targetProxy = DFDC83D71F66E54000BC1792 /* PBXContainerItemProxy */;
		};
/* End PBXTargetDependency section */

/* Begin PBXVariantGroup section */
		DFDC83C91F66E54000BC1792 /* Main.storyboard */ = {
			isa = PBXVariantGroup;
			children = (
				DFDC83CA1F66E54000BC1792 /* Base */,
			);
			name = Main.storyboard;
			sourceTree = "<group>";
		};
		DFDC83CE1F66E54000BC1792 /* LaunchScreen.storyboard */ = {
			isa = PBXVariantGroup;
			children = (
				DFDC83CF1F66E54000BC1792 /* Base */,
			);
			name = LaunchScreen.storyboard;
			sourceTree = "<group>";
		};
/* End PBXVariantGroup section */

/* Begin XCBuildConfiguration section */
		DFDC83DD1F66E54000BC1792 /* Debug */ = {
			isa = XCBuildConfiguration;
			buildSettings = {
				ALWAYS_SEARCH_USER_PATHS = NO;
				CLANG_ANALYZER_NONNULL = YES;
				CLANG_ANALYZER_NUMBER_OBJECT_CONVERSION = YES_AGGRESSIVE;
				CLANG_CXX_LANGUAGE_STANDARD = "gnu++0x";
				CLANG_CXX_LIBRARY = "libc++";
				CLANG_ENABLE_MODULES = YES;
				CLANG_ENABLE_OBJC_ARC = YES;
				CLANG_WARN_BOOL_CONVERSION = YES;
				CLANG_WARN_CONSTANT_CONVERSION = YES;
				CLANG_WARN_DIRECT_OBJC_ISA_USAGE = YES_ERROR;
				CLANG_WARN_DOCUMENTATION_COMMENTS = YES;
				CLANG_WARN_EMPTY_BODY = YES;
				CLANG_WARN_ENUM_CONVERSION = YES;
				CLANG_WARN_INFINITE_RECURSION = YES;
				CLANG_WARN_INT_CONVERSION = YES;
				CLANG_WARN_OBJC_ROOT_CLASS = YES_ERROR;
				CLANG_WARN_SUSPICIOUS_MOVE = YES;
				CLANG_WARN_UNREACHABLE_CODE = YES;
				CLANG_WARN__DUPLICATE_METHOD_MATCH = YES;
				"CODE_SIGN_IDENTITY[sdk=iphoneos*]" = "iPhone Developer";
				COPY_PHASE_STRIP = NO;
				DEBUG_INFORMATION_FORMAT = dwarf;
				ENABLE_STRICT_OBJC_MSGSEND = YES;
				ENABLE_TESTABILITY = YES;
				GCC_C_LANGUAGE_STANDARD = gnu99;
				GCC_DYNAMIC_NO_PIC = NO;
				GCC_NO_COMMON_BLOCKS = YES;
				GCC_OPTIMIZATION_LEVEL = 0;
				GCC_PREPROCESSOR_DEFINITIONS = (
					"DEBUG=1",
					"$(inherited)",
				);
				GCC_WARN_64_TO_32_BIT_CONVERSION = YES;
				GCC_WARN_ABOUT_RETURN_TYPE = YES_ERROR;
				GCC_WARN_UNDECLARED_SELECTOR = YES;
				GCC_WARN_UNINITIALIZED_AUTOS = YES_AGGRESSIVE;
				GCC_WARN_UNUSED_FUNCTION = YES;
				GCC_WARN_UNUSED_VARIABLE = YES;
				IPHONEOS_DEPLOYMENT_TARGET = 10.3;
				MTL_ENABLE_DEBUG_INFO = YES;
				ONLY_ACTIVE_ARCH = YES;
				SDKROOT = iphoneos;
				SWIFT_ACTIVE_COMPILATION_CONDITIONS = DEBUG;
				SWIFT_OPTIMIZATION_LEVEL = "-Onone";
				TARGETED_DEVICE_FAMILY = "1,2";
			};
			name = Debug;
		};
		DFDC83DE1F66E54000BC1792 /* Release */ = {
			isa = XCBuildConfiguration;
			buildSettings = {
				ALWAYS_SEARCH_USER_PATHS = NO;
				CLANG_ANALYZER_NONNULL = YES;
				CLANG_ANALYZER_NUMBER_OBJECT_CONVERSION = YES_AGGRESSIVE;
				CLANG_CXX_LANGUAGE_STANDARD = "gnu++0x";
				CLANG_CXX_LIBRARY = "libc++";
				CLANG_ENABLE_MODULES = YES;
				CLANG_ENABLE_OBJC_ARC = YES;
				CLANG_WARN_BOOL_CONVERSION = YES;
				CLANG_WARN_CONSTANT_CONVERSION = YES;
				CLANG_WARN_DIRECT_OBJC_ISA_USAGE = YES_ERROR;
				CLANG_WARN_DOCUMENTATION_COMMENTS = YES;
				CLANG_WARN_EMPTY_BODY = YES;
				CLANG_WARN_ENUM_CONVERSION = YES;
				CLANG_WARN_INFINITE_RECURSION = YES;
				CLANG_WARN_INT_CONVERSION = YES;
				CLANG_WARN_OBJC_ROOT_CLASS = YES_ERROR;
				CLANG_WARN_SUSPICIOUS_MOVE = YES;
				CLANG_WARN_UNREACHABLE_CODE = YES;
				CLANG_WARN__DUPLICATE_METHOD_MATCH = YES;
				"CODE_SIGN_IDENTITY[sdk=iphoneos*]" = "iPhone Developer";
				COPY_PHASE_STRIP = NO;
				DEBUG_INFORMATION_FORMAT = "dwarf-with-dsym";
				ENABLE_NS_ASSERTIONS = NO;
				ENABLE_STRICT_OBJC_MSGSEND = YES;
				GCC_C_LANGUAGE_STANDARD = gnu99;
				GCC_NO_COMMON_BLOCKS = YES;
				GCC_WARN_64_TO_32_BIT_CONVERSION = YES;
				GCC_WARN_ABOUT_RETURN_TYPE = YES_ERROR;
				GCC_WARN_UNDECLARED_SELECTOR = YES;
				GCC_WARN_UNINITIALIZED_AUTOS = YES_AGGRESSIVE;
				GCC_WARN_UNUSED_FUNCTION = YES;
				GCC_WARN_UNUSED_VARIABLE = YES;
				IPHONEOS_DEPLOYMENT_TARGET = 10.3;
				MTL_ENABLE_DEBUG_INFO = NO;
				SDKROOT = iphoneos;
				SWIFT_OPTIMIZATION_LEVEL = "-Owholemodule";
				TARGETED_DEVICE_FAMILY = "1,2";
				VALIDATE_PRODUCT = YES;
			};
			name = Release;
		};
		DFDC83E01F66E54000BC1792 /* Debug */ = {
			isa = XCBuildConfiguration;
			buildSettings = {
				ASSETCATALOG_COMPILER_APPICON_NAME = AppIcon;
				INFOPLIST_FILE = WorldTrotter/Info.plist;
				LD_RUNPATH_SEARCH_PATHS = "$(inherited) @executable_path/Frameworks";
				PRODUCT_BUNDLE_IDENTIFIER = com.game.WorldTrotter;
				PRODUCT_NAME = "$(TARGET_NAME)";
				SWIFT_VERSION = 3.0;
			};
			name = Debug;
		};
		DFDC83E11F66E54000BC1792 /* Release */ = {
			isa = XCBuildConfiguration;
			buildSettings = {
				ASSETCATALOG_COMPILER_APPICON_NAME = AppIcon;
				INFOPLIST_FILE = WorldTrotter/Info.plist;
				LD_RUNPATH_SEARCH_PATHS = "$(inherited) @executable_path/Frameworks";
				PRODUCT_BUNDLE_IDENTIFIER = com.game.WorldTrotter;
				PRODUCT_NAME = "$(TARGET_NAME)";
				SWIFT_VERSION = 3.0;
			};
			name = Release;
		};
		DFDC83E31F66E54000BC1792 /* Debug */ = {
			isa = XCBuildConfiguration;
			buildSettings = {
				ALWAYS_EMBED_SWIFT_STANDARD_LIBRARIES = YES;
				BUNDLE_LOADER = "$(TEST_HOST)";
				INFOPLIST_FILE = WorldTrotterTests/Info.plist;
				LD_RUNPATH_SEARCH_PATHS = "$(inherited) @executable_path/Frameworks @loader_path/Frameworks";
				PRODUCT_BUNDLE_IDENTIFIER = com.game.WorldTrotterTests;
				PRODUCT_NAME = "$(TARGET_NAME)";
				SWIFT_VERSION = 3.0;
				TEST_HOST = "$(BUILT_PRODUCTS_DIR)/WorldTrotter.app/WorldTrotter";
			};
			name = Debug;
		};
		DFDC83E41F66E54000BC1792 /* Release */ = {
			isa = XCBuildConfiguration;
			buildSettings = {
				ALWAYS_EMBED_SWIFT_STANDARD_LIBRARIES = YES;
				BUNDLE_LOADER = "$(TEST_HOST)";
				INFOPLIST_FILE = WorldTrotterTests/Info.plist;
				LD_RUNPATH_SEARCH_PATHS = "$(inherited) @executable_path/Frameworks @loader_path/Frameworks";
				PRODUCT_BUNDLE_IDENTIFIER = com.game.WorldTrotterTests;
				PRODUCT_NAME = "$(TARGET_NAME)";
				SWIFT_VERSION = 3.0;
				TEST_HOST = "$(BUILT_PRODUCTS_DIR)/WorldTrotter.app/WorldTrotter";
			};
			name = Release;
		};
/* End XCBuildConfiguration section */

/* Begin XCConfigurationList section */
		DFDC83BD1F66E54000BC1792 /* Build configuration list for PBXProject "WorldTrotter" */ = {
			isa = XCConfigurationList;
			buildConfigurations = (
				DFDC83DD1F66E54000BC1792 /* Debug */,
				DFDC83DE1F66E54000BC1792 /* Release */,
			);
			defaultConfigurationIsVisible = 0;
			defaultConfigurationName = Release;
		};
		DFDC83DF1F66E54000BC1792 /* Build configuration list for PBXNativeTarget "WorldTrotter" */ = {
			isa = XCConfigurationList;
			buildConfigurations = (
				DFDC83E01F66E54000BC1792 /* Debug */,
				DFDC83E11F66E54000BC1792 /* Release */,
			);
			defaultConfigurationIsVisible = 0;
			defaultConfigurationName = Release;
		};
		DFDC83E21F66E54000BC1792 /* Build configuration list for PBXNativeTarget "WorldTrotterTests" */ = {
			isa = XCConfigurationList;
			buildConfigurations = (
				DFDC83E31F66E54000BC1792 /* Debug */,
				DFDC83E41F66E54000BC1792 /* Release */,
			);
			defaultConfigurationIsVisible = 0;
			defaultConfigurationName = Release;
		};
/* End XCConfigurationList section */
	};
	rootObject = DFDC83BA1F66E54000BC1792 /* Project object */;
}
