// !$*UTF8*$!
{
	archiveVersion = 1;
	classes = {
	};
	objectVersion = 48;
	objects = {

/* Begin PBXBuildFile section */
		DF623BA81F68901C009202E9 /* AppDelegate.swift in Sources */ = {isa = PBXBuildFile; fileRef = DF623BA71F68901C009202E9 /* AppDelegate.swift */; };
		DF623BAD1F68901C009202E9 /* Main.storyboard in Resources */ = {isa = PBXBuildFile; fileRef = DF623BAB1F68901C009202E9 /* Main.storyboard */; };
		DF623BAF1F68901C009202E9 /* Assets.xcassets in Resources */ = {isa = PBXBuildFile; fileRef = DF623BAE1F68901C009202E9 /* Assets.xcassets */; };
		DF623BB21F68901C009202E9 /* LaunchScreen.storyboard in Resources */ = {isa = PBXBuildFile; fileRef = DF623BB01F68901C009202E9 /* LaunchScreen.storyboard */; };
		DF623BBD1F68901C009202E9 /* HomepwnerTests.swift in Sources */ = {isa = PBXBuildFile; fileRef = DF623BBC1F68901C009202E9 /* HomepwnerTests.swift */; };
		DF623BC81F68901C009202E9 /* HomepwnerUITests.swift in Sources */ = {isa = PBXBuildFile; fileRef = DF623BC71F68901C009202E9 /* HomepwnerUITests.swift */; };
		DF623BD61F68905F009202E9 /* ItemsViewController.swift in Sources */ = {isa = PBXBuildFile; fileRef = DF623BD51F68905F009202E9 /* ItemsViewController.swift */; };
		DF623BD81F6890CD009202E9 /* Item.swift in Sources */ = {isa = PBXBuildFile; fileRef = DF623BD71F6890CD009202E9 /* Item.swift */; };
		DF623BDA1F6892F0009202E9 /* ItemStore.swift in Sources */ = {isa = PBXBuildFile; fileRef = DF623BD91F6892F0009202E9 /* ItemStore.swift */; };
		DFB3D6B81F698464002789E0 /* ItemCell.swift in Sources */ = {isa = PBXBuildFile; fileRef = DFB3D6B71F698464002789E0 /* ItemCell.swift */; };
/* End PBXBuildFile section */

/* Begin PBXContainerItemProxy section */
		DF623BB91F68901C009202E9 /* PBXContainerItemProxy */ = {
			isa = PBXContainerItemProxy;
			containerPortal = DF623B9C1F68901C009202E9 /* Project object */;
			proxyType = 1;
			remoteGlobalIDString = DF623BA31F68901C009202E9;
			remoteInfo = Homepwner;
		};
		DF623BC41F68901C009202E9 /* PBXContainerItemProxy */ = {
			isa = PBXContainerItemProxy;
			containerPortal = DF623B9C1F68901C009202E9 /* Project object */;
			proxyType = 1;
			remoteGlobalIDString = DF623BA31F68901C009202E9;
			remoteInfo = Homepwner;
		};
/* End PBXContainerItemProxy section */

/* Begin PBXFileReference section */
		DF623BA41F68901C009202E9 /* Homepwner.app */ = {isa = PBXFileReference; explicitFileType = wrapper.application; includeInIndex = 0; path = Homepwner.app; sourceTree = BUILT_PRODUCTS_DIR; };
		DF623BA71F68901C009202E9 /* AppDelegate.swift */ = {isa = PBXFileReference; lastKnownFileType = sourcecode.swift; path = AppDelegate.swift; sourceTree = "<group>"; };
		DF623BAC1F68901C009202E9 /* Base */ = {isa = PBXFileReference; lastKnownFileType = file.storyboard; name = Base; path = Base.lproj/Main.storyboard; sourceTree = "<group>"; };
		DF623BAE1F68901C009202E9 /* Assets.xcassets */ = {isa = PBXFileReference; lastKnownFileType = folder.assetcatalog; path = Assets.xcassets; sourceTree = "<group>"; };
		DF623BB11F68901C009202E9 /* Base */ = {isa = PBXFileReference; lastKnownFileType = file.storyboard; name = Base; path = Base.lproj/LaunchScreen.storyboard; sourceTree = "<group>"; };
		DF623BB31F68901C009202E9 /* Info.plist */ = {isa = PBXFileReference; lastKnownFileType = text.plist.xml; path = Info.plist; sourceTree = "<group>"; };
		DF623BB81F68901C009202E9 /* HomepwnerTests.xctest */ = {isa = PBXFileReference; explicitFileType = wrapper.cfbundle; includeInIndex = 0; path = HomepwnerTests.xctest; sourceTree = BUILT_PRODUCTS_DIR; };
		DF623BBC1F68901C009202E9 /* HomepwnerTests.swift */ = {isa = PBXFileReference; lastKnownFileType = sourcecode.swift; path = HomepwnerTests.swift; sourceTree = "<group>"; };
		DF623BBE1F68901C009202E9 /* Info.plist */ = {isa = PBXFileReference; lastKnownFileType = text.plist.xml; path = Info.plist; sourceTree = "<group>"; };
		DF623BC31F68901C009202E9 /* HomepwnerUITests.xctest */ = {isa = PBXFileReference; explicitFileType = wrapper.cfbundle; includeInIndex = 0; path = HomepwnerUITests.xctest; sourceTree = BUILT_PRODUCTS_DIR; };
		DF623BC71F68901C009202E9 /* HomepwnerUITests.swift */ = {isa = PBXFileReference; lastKnownFileType = sourcecode.swift; path = HomepwnerUITests.swift; sourceTree = "<group>"; };
		DF623BC91F68901C009202E9 /* Info.plist */ = {isa = PBXFileReference; lastKnownFileType = text.plist.xml; path = Info.plist; sourceTree = "<group>"; };
		DF623BD51F68905F009202E9 /* ItemsViewController.swift */ = {isa = PBXFileReference; lastKnownFileType = sourcecode.swift; path = ItemsViewController.swift; sourceTree = "<group>"; };
		DF623BD71F6890CD009202E9 /* Item.swift */ = {isa = PBXFileReference; lastKnownFileType = sourcecode.swift; path = Item.swift; sourceTree = "<group>"; };
		DF623BD91F6892F0009202E9 /* ItemStore.swift */ = {isa = PBXFileReference; lastKnownFileType = sourcecode.swift; path = ItemStore.swift; sourceTree = "<group>"; };
		DFB3D6B71F698464002789E0 /* ItemCell.swift */ = {isa = PBXFileReference; lastKnownFileType = sourcecode.swift; path = ItemCell.swift; sourceTree = "<group>"; };
/* End PBXFileReference section */

/* Begin PBXFrameworksBuildPhase section */
		DF623BA11F68901C009202E9 /* Frameworks */ = {
			isa = PBXFrameworksBuildPhase;
			buildActionMask = 2147483647;
			files = (
			);
			runOnlyForDeploymentPostprocessing = 0;
		};
		DF623BB51F68901C009202E9 /* Frameworks */ = {
			isa = PBXFrameworksBuildPhase;
			buildActionMask = 2147483647;
			files = (
			);
			runOnlyForDeploymentPostprocessing = 0;
		};
		DF623BC01F68901C009202E9 /* Frameworks */ = {
			isa = PBXFrameworksBuildPhase;
			buildActionMask = 2147483647;
			files = (
			);
			runOnlyForDeploymentPostprocessing = 0;
		};
/* End PBXFrameworksBuildPhase section */

/* Begin PBXGroup section */
		DF623B9B1F68901C009202E9 = {
			isa = PBXGroup;
			children = (
				DF623BA61F68901C009202E9 /* Homepwner */,
				DF623BBB1F68901C009202E9 /* HomepwnerTests */,
				DF623BC61F68901C009202E9 /* HomepwnerUITests */,
				DF623BA51F68901C009202E9 /* Products */,
			);
			sourceTree = "<group>";
		};
		DF623BA51F68901C009202E9 /* Products */ = {
			isa = PBXGroup;
			children = (
				DF623BA41F68901C009202E9 /* Homepwner.app */,
				DF623BB81F68901C009202E9 /* HomepwnerTests.xctest */,
				DF623BC31F68901C009202E9 /* HomepwnerUITests.xctest */,
			);
			name = Products;
			sourceTree = "<group>";
		};
		DF623BA61F68901C009202E9 /* Homepwner */ = {
			isa = PBXGroup;
			children = (
				DF623BA71F68901C009202E9 /* AppDelegate.swift */,
				DF623BAB1F68901C009202E9 /* Main.storyboard */,
				DF623BAE1F68901C009202E9 /* Assets.xcassets */,
				DF623BB01F68901C009202E9 /* LaunchScreen.storyboard */,
				DF623BB31F68901C009202E9 /* Info.plist */,
				DF623BD51F68905F009202E9 /* ItemsViewController.swift */,
				DF623BD71F6890CD009202E9 /* Item.swift */,
				DF623BD91F6892F0009202E9 /* ItemStore.swift */,
				DFB3D6B71F698464002789E0 /* ItemCell.swift */,
			);
			path = Homepwner;
			sourceTree = "<group>";
		};
		DF623BBB1F68901C009202E9 /* HomepwnerTests */ = {
			isa = PBXGroup;
			children = (
				DF623BBC1F68901C009202E9 /* HomepwnerTests.swift */,
				DF623BBE1F68901C009202E9 /* Info.plist */,
			);
			path = HomepwnerTests;
			sourceTree = "<group>";
		};
		DF623BC61F68901C009202E9 /* HomepwnerUITests */ = {
			isa = PBXGroup;
			children = (
				DF623BC71F68901C009202E9 /* HomepwnerUITests.swift */,
				DF623BC91F68901C009202E9 /* Info.plist */,
			);
			path = HomepwnerUITests;
			sourceTree = "<group>";
		};
/* End PBXGroup section */

/* Begin PBXNativeTarget section */
		DF623BA31F68901C009202E9 /* Homepwner */ = {
			isa = PBXNativeTarget;
			buildConfigurationList = DF623BCC1F68901C009202E9 /* Build configuration list for PBXNativeTarget "Homepwner" */;
			buildPhases = (
				DF623BA01F68901C009202E9 /* Sources */,
				DF623BA11F68901C009202E9 /* Frameworks */,
				DF623BA21F68901C009202E9 /* Resources */,
			);
			buildRules = (
			);
			dependencies = (
			);
			name = Homepwner;
			productName = Homepwner;
			productReference = DF623BA41F68901C009202E9 /* Homepwner.app */;
			productType = "com.apple.product-type.application";
		};
		DF623BB71F68901C009202E9 /* HomepwnerTests */ = {
			isa = PBXNativeTarget;
			buildConfigurationList = DF623BCF1F68901C009202E9 /* Build configuration list for PBXNativeTarget "HomepwnerTests" */;
			buildPhases = (
				DF623BB41F68901C009202E9 /* Sources */,
				DF623BB51F68901C009202E9 /* Frameworks */,
				DF623BB61F68901C009202E9 /* Resources */,
			);
			buildRules = (
			);
			dependencies = (
				DF623BBA1F68901C009202E9 /* PBXTargetDependency */,
			);
			name = HomepwnerTests;
			productName = HomepwnerTests;
			productReference = DF623BB81F68901C009202E9 /* HomepwnerTests.xctest */;
			productType = "com.apple.product-type.bundle.unit-test";
		};
		DF623BC21F68901C009202E9 /* HomepwnerUITests */ = {
			isa = PBXNativeTarget;
			buildConfigurationList = DF623BD21F68901C009202E9 /* Build configuration list for PBXNativeTarget "HomepwnerUITests" */;
			buildPhases = (
				DF623BBF1F68901C009202E9 /* Sources */,
				DF623BC01F68901C009202E9 /* Frameworks */,
				DF623BC11F68901C009202E9 /* Resources */,
			);
			buildRules = (
			);
			dependencies = (
				DF623BC51F68901C009202E9 /* PBXTargetDependency */,
			);
			name = HomepwnerUITests;
			productName = HomepwnerUITests;
			productReference = DF623BC31F68901C009202E9 /* HomepwnerUITests.xctest */;
			productType = "com.apple.product-type.bundle.ui-testing";
		};
/* End PBXNativeTarget section */

/* Begin PBXProject section */
		DF623B9C1F68901C009202E9 /* Project object */ = {
			isa = PBXProject;
			attributes = {
				LastSwiftUpdateCheck = 0900;
				LastUpgradeCheck = 0900;
				ORGANIZATIONNAME = "Robert Steiner";
				TargetAttributes = {
					DF623BA31F68901C009202E9 = {
						CreatedOnToolsVersion = 9.0;
						ProvisioningStyle = Automatic;
					};
					DF623BB71F68901C009202E9 = {
						CreatedOnToolsVersion = 9.0;
						ProvisioningStyle = Automatic;
						TestTargetID = DF623BA31F68901C009202E9;
					};
					DF623BC21F68901C009202E9 = {
						CreatedOnToolsVersion = 9.0;
						ProvisioningStyle = Automatic;
						TestTargetID = DF623BA31F68901C009202E9;
					};
				};
			};
			buildConfigurationList = DF623B9F1F68901C009202E9 /* Build configuration list for PBXProject "Homepwner" */;
			compatibilityVersion = "Xcode 8.0";
			developmentRegion = en;
			hasScannedForEncodings = 0;
			knownRegions = (
				en,
				Base,
			);
			mainGroup = DF623B9B1F68901C009202E9;
			productRefGroup = DF623BA51F68901C009202E9 /* Products */;
			projectDirPath = "";
			projectRoot = "";
			targets = (
				DF623BA31F68901C009202E9 /* Homepwner */,
				DF623BB71F68901C009202E9 /* HomepwnerTests */,
				DF623BC21F68901C009202E9 /* HomepwnerUITests */,
			);
		};
/* End PBXProject section */

/* Begin PBXResourcesBuildPhase section */
		DF623BA21F68901C009202E9 /* Resources */ = {
			isa = PBXResourcesBuildPhase;
			buildActionMask = 2147483647;
			files = (
				DF623BB21F68901C009202E9 /* LaunchScreen.storyboard in Resources */,
				DF623BAF1F68901C009202E9 /* Assets.xcassets in Resources */,
				DF623BAD1F68901C009202E9 /* Main.storyboard in Resources */,
			);
			runOnlyForDeploymentPostprocessing = 0;
		};
		DF623BB61F68901C009202E9 /* Resources */ = {
			isa = PBXResourcesBuildPhase;
			buildActionMask = 2147483647;
			files = (
			);
			runOnlyForDeploymentPostprocessing = 0;
		};
		DF623BC11F68901C009202E9 /* Resources */ = {
			isa = PBXResourcesBuildPhase;
			buildActionMask = 2147483647;
			files = (
			);
			runOnlyForDeploymentPostprocessing = 0;
		};
/* End PBXResourcesBuildPhase section */

/* Begin PBXSourcesBuildPhase section */
		DF623BA01F68901C009202E9 /* Sources */ = {
			isa = PBXSourcesBuildPhase;
			buildActionMask = 2147483647;
			files = (
				DF623BD81F6890CD009202E9 /* Item.swift in Sources */,
				DF623BD61F68905F009202E9 /* ItemsViewController.swift in Sources */,
				DF623BDA1F6892F0009202E9 /* ItemStore.swift in Sources */,
				DF623BA81F68901C009202E9 /* AppDelegate.swift in Sources */,
				DFB3D6B81F698464002789E0 /* ItemCell.swift in Sources */,
			);
			runOnlyForDeploymentPostprocessing = 0;
		};
		DF623BB41F68901C009202E9 /* Sources */ = {
			isa = PBXSourcesBuildPhase;
			buildActionMask = 2147483647;
			files = (
				DF623BBD1F68901C009202E9 /* HomepwnerTests.swift in Sources */,
			);
			runOnlyForDeploymentPostprocessing = 0;
		};
		DF623BBF1F68901C009202E9 /* Sources */ = {
			isa = PBXSourcesBuildPhase;
			buildActionMask = 2147483647;
			files = (
				DF623BC81F68901C009202E9 /* HomepwnerUITests.swift in Sources */,
			);
			runOnlyForDeploymentPostprocessing = 0;
		};
/* End PBXSourcesBuildPhase section */

/* Begin PBXTargetDependency section */
		DF623BBA1F68901C009202E9 /* PBXTargetDependency */ = {
			isa = PBXTargetDependency;
			target = DF623BA31F68901C009202E9 /* Homepwner */;
			targetProxy = DF623BB91F68901C009202E9 /* PBXContainerItemProxy */;
		};
		DF623BC51F68901C009202E9 /* PBXTargetDependency */ = {
			isa = PBXTargetDependency;
			target = DF623BA31F68901C009202E9 /* Homepwner */;
			targetProxy = DF623BC41F68901C009202E9 /* PBXContainerItemProxy */;
		};
/* End PBXTargetDependency section */

/* Begin PBXVariantGroup section */
		DF623BAB1F68901C009202E9 /* Main.storyboard */ = {
			isa = PBXVariantGroup;
			children = (
				DF623BAC1F68901C009202E9 /* Base */,
			);
			name = Main.storyboard;
			sourceTree = "<group>";
		};
		DF623BB01F68901C009202E9 /* LaunchScreen.storyboard */ = {
			isa = PBXVariantGroup;
			children = (
				DF623BB11F68901C009202E9 /* Base */,
			);
			name = LaunchScreen.storyboard;
			sourceTree = "<group>";
		};
/* End PBXVariantGroup section */

/* Begin XCBuildConfiguration section */
		DF623BCA1F68901C009202E9 /* Debug */ = {
			isa = XCBuildConfiguration;
			buildSettings = {
				ALWAYS_SEARCH_USER_PATHS = NO;
				CLANG_ANALYZER_NONNULL = YES;
				CLANG_ANALYZER_NUMBER_OBJECT_CONVERSION = YES_AGGRESSIVE;
				CLANG_CXX_LANGUAGE_STANDARD = "gnu++14";
				CLANG_CXX_LIBRARY = "libc++";
				CLANG_ENABLE_MODULES = YES;
				CLANG_ENABLE_OBJC_ARC = YES;
				CLANG_WARN_BLOCK_CAPTURE_AUTORELEASING = YES;
				CLANG_WARN_BOOL_CONVERSION = YES;
				CLANG_WARN_COMMA = YES;
				CLANG_WARN_CONSTANT_CONVERSION = YES;
				CLANG_WARN_DIRECT_OBJC_ISA_USAGE = YES_ERROR;
				CLANG_WARN_DOCUMENTATION_COMMENTS = YES;
				CLANG_WARN_EMPTY_BODY = YES;
				CLANG_WARN_ENUM_CONVERSION = YES;
				CLANG_WARN_INFINITE_RECURSION = YES;
				CLANG_WARN_INT_CONVERSION = YES;
				CLANG_WARN_NON_LITERAL_NULL_CONVERSION = YES;
				CLANG_WARN_OBJC_LITERAL_CONVERSION = YES;
				CLANG_WARN_OBJC_ROOT_CLASS = YES_ERROR;
				CLANG_WARN_RANGE_LOOP_ANALYSIS = YES;
				CLANG_WARN_STRICT_PROTOTYPES = YES;
				CLANG_WARN_SUSPICIOUS_MOVE = YES;
				CLANG_WARN_UNGUARDED_AVAILABILITY = YES_AGGRESSIVE;
				CLANG_WARN_UNREACHABLE_CODE = YES;
				CLANG_WARN__DUPLICATE_METHOD_MATCH = YES;
				CODE_SIGN_IDENTITY = "iPhone Developer";
				COPY_PHASE_STRIP = NO;
				DEBUG_INFORMATION_FORMAT = dwarf;
				ENABLE_STRICT_OBJC_MSGSEND = YES;
				ENABLE_TESTABILITY = YES;
				GCC_C_LANGUAGE_STANDARD = gnu11;
				GCC_DYNAMIC_NO_PIC = NO;
				GCC_NO_COMMON_BLOCKS = YES;
				GCC_OPTIMIZATION_LEVEL = 0;
				GCC_PREPROCESSOR_DEFINITIONS = (
					"DEBUG=1",
					"$(inherited)",
				);
				GCC_WARN_64_TO_32_BIT_CONVERSION = YES;
				GCC_WARN_ABOUT_RETURN_TYPE = YES_ERROR;
				GCC_WARN_UNDECLARED_SELECTOR = YES;
				GCC_WARN_UNINITIALIZED_AUTOS = YES_AGGRESSIVE;
				GCC_WARN_UNUSED_FUNCTION = YES;
				GCC_WARN_UNUSED_VARIABLE = YES;
				IPHONEOS_DEPLOYMENT_TARGET = 11.0;
				MTL_ENABLE_DEBUG_INFO = YES;
				ONLY_ACTIVE_ARCH = YES;
				SDKROOT = iphoneos;
				SWIFT_ACTIVE_COMPILATION_CONDITIONS = DEBUG;
				SWIFT_OPTIMIZATION_LEVEL = "-Onone";
			};
			name = Debug;
		};
		DF623BCB1F68901C009202E9 /* Release */ = {
			isa = XCBuildConfiguration;
			buildSettings = {
				ALWAYS_SEARCH_USER_PATHS = NO;
				CLANG_ANALYZER_NONNULL = YES;
				CLANG_ANALYZER_NUMBER_OBJECT_CONVERSION = YES_AGGRESSIVE;
				CLANG_CXX_LANGUAGE_STANDARD = "gnu++14";
				CLANG_CXX_LIBRARY = "libc++";
				CLANG_ENABLE_MODULES = YES;
				CLANG_ENABLE_OBJC_ARC = YES;
				CLANG_WARN_BLOCK_CAPTURE_AUTORELEASING = YES;
				CLANG_WARN_BOOL_CONVERSION = YES;
				CLANG_WARN_COMMA = YES;
				CLANG_WARN_CONSTANT_CONVERSION = YES;
				CLANG_WARN_DIRECT_OBJC_ISA_USAGE = YES_ERROR;
				CLANG_WARN_DOCUMENTATION_COMMENTS = YES;
				CLANG_WARN_EMPTY_BODY = YES;
				CLANG_WARN_ENUM_CONVERSION = YES;
				CLANG_WARN_INFINITE_RECURSION = YES;
				CLANG_WARN_INT_CONVERSION = YES;
				CLANG_WARN_NON_LITERAL_NULL_CONVERSION = YES;
				CLANG_WARN_OBJC_LITERAL_CONVERSION = YES;
				CLANG_WARN_OBJC_ROOT_CLASS = YES_ERROR;
				CLANG_WARN_RANGE_LOOP_ANALYSIS = YES;
				CLANG_WARN_STRICT_PROTOTYPES = YES;
				CLANG_WARN_SUSPICIOUS_MOVE = YES;
				CLANG_WARN_UNGUARDED_AVAILABILITY = YES_AGGRESSIVE;
				CLANG_WARN_UNREACHABLE_CODE = YES;
				CLANG_WARN__DUPLICATE_METHOD_MATCH = YES;
				CODE_SIGN_IDENTITY = "iPhone Developer";
				COPY_PHASE_STRIP = NO;
				DEBUG_INFORMATION_FORMAT = "dwarf-with-dsym";
				ENABLE_NS_ASSERTIONS = NO;
				ENABLE_STRICT_OBJC_MSGSEND = YES;
				GCC_C_LANGUAGE_STANDARD = gnu11;
				GCC_NO_COMMON_BLOCKS = YES;
				GCC_WARN_64_TO_32_BIT_CONVERSION = YES;
				GCC_WARN_ABOUT_RETURN_TYPE = YES_ERROR;
				GCC_WARN_UNDECLARED_SELECTOR = YES;
				GCC_WARN_UNINITIALIZED_AUTOS = YES_AGGRESSIVE;
				GCC_WARN_UNUSED_FUNCTION = YES;
				GCC_WARN_UNUSED_VARIABLE = YES;
				IPHONEOS_DEPLOYMENT_TARGET = 11.0;
				MTL_ENABLE_DEBUG_INFO = NO;
				SDKROOT = iphoneos;
				SWIFT_OPTIMIZATION_LEVEL = "-Owholemodule";
				VALIDATE_PRODUCT = YES;
			};
			name = Release;
		};
		DF623BCD1F68901C009202E9 /* Debug */ = {
			isa = XCBuildConfiguration;
			buildSettings = {
				ASSETCATALOG_COMPILER_APPICON_NAME = AppIcon;
				CODE_SIGN_STYLE = Automatic;
				INFOPLIST_FILE = Homepwner/Info.plist;
				LD_RUNPATH_SEARCH_PATHS = "$(inherited) @executable_path/Frameworks";
				PRODUCT_BUNDLE_IDENTIFIER = com.game.Homepwner;
				PRODUCT_NAME = "$(TARGET_NAME)";
				SWIFT_VERSION = 4.0;
				TARGETED_DEVICE_FAMILY = "1,2";
			};
			name = Debug;
		};
		DF623BCE1F68901C009202E9 /* Release */ = {
			isa = XCBuildConfiguration;
			buildSettings = {
				ASSETCATALOG_COMPILER_APPICON_NAME = AppIcon;
				CODE_SIGN_STYLE = Automatic;
				INFOPLIST_FILE = Homepwner/Info.plist;
				LD_RUNPATH_SEARCH_PATHS = "$(inherited) @executable_path/Frameworks";
				PRODUCT_BUNDLE_IDENTIFIER = com.game.Homepwner;
				PRODUCT_NAME = "$(TARGET_NAME)";
				SWIFT_VERSION = 4.0;
				TARGETED_DEVICE_FAMILY = "1,2";
			};
			name = Release;
		};
		DF623BD01F68901C009202E9 /* Debug */ = {
			isa = XCBuildConfiguration;
			buildSettings = {
				ALWAYS_EMBED_SWIFT_STANDARD_LIBRARIES = YES;
				BUNDLE_LOADER = "$(TEST_HOST)";
				CODE_SIGN_STYLE = Automatic;
				INFOPLIST_FILE = HomepwnerTests/Info.plist;
				LD_RUNPATH_SEARCH_PATHS = "$(inherited) @executable_path/Frameworks @loader_path/Frameworks";
				PRODUCT_BUNDLE_IDENTIFIER = com.game.HomepwnerTests;
				PRODUCT_NAME = "$(TARGET_NAME)";
				SWIFT_VERSION = 4.0;
				TARGETED_DEVICE_FAMILY = "1,2";
				TEST_HOST = "$(BUILT_PRODUCTS_DIR)/Homepwner.app/Homepwner";
			};
			name = Debug;
		};
		DF623BD11F68901C009202E9 /* Release */ = {
			isa = XCBuildConfiguration;
			buildSettings = {
				ALWAYS_EMBED_SWIFT_STANDARD_LIBRARIES = YES;
				BUNDLE_LOADER = "$(TEST_HOST)";
				CODE_SIGN_STYLE = Automatic;
				INFOPLIST_FILE = HomepwnerTests/Info.plist;
				LD_RUNPATH_SEARCH_PATHS = "$(inherited) @executable_path/Frameworks @loader_path/Frameworks";
				PRODUCT_BUNDLE_IDENTIFIER = com.game.HomepwnerTests;
				PRODUCT_NAME = "$(TARGET_NAME)";
				SWIFT_VERSION = 4.0;
				TARGETED_DEVICE_FAMILY = "1,2";
				TEST_HOST = "$(BUILT_PRODUCTS_DIR)/Homepwner.app/Homepwner";
			};
			name = Release;
		};
		DF623BD31F68901C009202E9 /* Debug */ = {
			isa = XCBuildConfiguration;
			buildSettings = {
				ALWAYS_EMBED_SWIFT_STANDARD_LIBRARIES = YES;
				CODE_SIGN_STYLE = Automatic;
				INFOPLIST_FILE = HomepwnerUITests/Info.plist;
				LD_RUNPATH_SEARCH_PATHS = "$(inherited) @executable_path/Frameworks @loader_path/Frameworks";
				PRODUCT_BUNDLE_IDENTIFIER = com.game.HomepwnerUITests;
				PRODUCT_NAME = "$(TARGET_NAME)";
				SWIFT_VERSION = 4.0;
				TARGETED_DEVICE_FAMILY = "1,2";
				TEST_TARGET_NAME = Homepwner;
			};
			name = Debug;
		};
		DF623BD41F68901C009202E9 /* Release */ = {
			isa = XCBuildConfiguration;
			buildSettings = {
				ALWAYS_EMBED_SWIFT_STANDARD_LIBRARIES = YES;
				CODE_SIGN_STYLE = Automatic;
				INFOPLIST_FILE = HomepwnerUITests/Info.plist;
				LD_RUNPATH_SEARCH_PATHS = "$(inherited) @executable_path/Frameworks @loader_path/Frameworks";
				PRODUCT_BUNDLE_IDENTIFIER = com.game.HomepwnerUITests;
				PRODUCT_NAME = "$(TARGET_NAME)";
				SWIFT_VERSION = 4.0;
				TARGETED_DEVICE_FAMILY = "1,2";
				TEST_TARGET_NAME = Homepwner;
			};
			name = Release;
		};
/* End XCBuildConfiguration section */

/* Begin XCConfigurationList section */
		DF623B9F1F68901C009202E9 /* Build configuration list for PBXProject "Homepwner" */ = {
			isa = XCConfigurationList;
			buildConfigurations = (
				DF623BCA1F68901C009202E9 /* Debug */,
				DF623BCB1F68901C009202E9 /* Release */,
			);
			defaultConfigurationIsVisible = 0;
			defaultConfigurationName = Release;
		};
		DF623BCC1F68901C009202E9 /* Build configuration list for PBXNativeTarget "Homepwner" */ = {
			isa = XCConfigurationList;
			buildConfigurations = (
				DF623BCD1F68901C009202E9 /* Debug */,
				DF623BCE1F68901C009202E9 /* Release */,
			);
			defaultConfigurationIsVisible = 0;
			defaultConfigurationName = Release;
		};
		DF623BCF1F68901C009202E9 /* Build configuration list for PBXNativeTarget "HomepwnerTests" */ = {
			isa = XCConfigurationList;
			buildConfigurations = (
				DF623BD01F68901C009202E9 /* Debug */,
				DF623BD11F68901C009202E9 /* Release */,
			);
			defaultConfigurationIsVisible = 0;
			defaultConfigurationName = Release;
		};
		DF623BD21F68901C009202E9 /* Build configuration list for PBXNativeTarget "HomepwnerUITests" */ = {
			isa = XCConfigurationList;
			buildConfigurations = (
				DF623BD31F68901C009202E9 /* Debug */,
				DF623BD41F68901C009202E9 /* Release */,
			);
			defaultConfigurationIsVisible = 0;
			defaultConfigurationName = Release;
		};
/* End XCConfigurationList section */
	};
	rootObject = DF623B9C1F68901C009202E9 /* Project object */;
}
