// !$*UTF8*$!
{
	archiveVersion = 1;
	classes = {
	};
	objectVersion = 46;
	objects = {

/* Begin PBXBuildFile section */
		DF1AB7D81F66CDDD00CFC06B /* AppDelegate.swift in Sources */ = {isa = PBXBuildFile; fileRef = DF1AB7D71F66CDDD00CFC06B /* AppDelegate.swift */; };
		DF1AB7DA1F66CDDD00CFC06B /* ViewController.swift in Sources */ = {isa = PBXBuildFile; fileRef = DF1AB7D91F66CDDD00CFC06B /* ViewController.swift */; };
		DF1AB7DD1F66CDDD00CFC06B /* Main.storyboard in Resources */ = {isa = PBXBuildFile; fileRef = DF1AB7DB1F66CDDD00CFC06B /* Main.storyboard */; };
		DF1AB7DF1F66CDDD00CFC06B /* Assets.xcassets in Resources */ = {isa = PBXBuildFile; fileRef = DF1AB7DE1F66CDDD00CFC06B /* Assets.xcassets */; };
		DF1AB7E21F66CDDD00CFC06B /* LaunchScreen.storyboard in Resources */ = {isa = PBXBuildFile; fileRef = DF1AB7E01F66CDDD00CFC06B /* LaunchScreen.storyboard */; };
		DF1AB7ED1F66CDDD00CFC06B /* QuizTests.swift in Sources */ = {isa = PBXBuildFile; fileRef = DF1AB7EC1F66CDDD00CFC06B /* QuizTests.swift */; };
/* End PBXBuildFile section */

/* Begin PBXContainerItemProxy section */
		DF1AB7E91F66CDDD00CFC06B /* PBXContainerItemProxy */ = {
			isa = PBXContainerItemProxy;
			containerPortal = DF1AB7CC1F66CDDD00CFC06B /* Project object */;
			proxyType = 1;
			remoteGlobalIDString = DF1AB7D31F66CDDD00CFC06B;
			remoteInfo = Quiz;
		};
/* End PBXContainerItemProxy section */

/* Begin PBXFileReference section */
		DF1AB7D41F66CDDD00CFC06B /* Quiz.app */ = {isa = PBXFileReference; explicitFileType = wrapper.application; includeInIndex = 0; path = Quiz.app; sourceTree = BUILT_PRODUCTS_DIR; };
		DF1AB7D71F66CDDD00CFC06B /* AppDelegate.swift */ = {isa = PBXFileReference; lastKnownFileType = sourcecode.swift; path = AppDelegate.swift; sourceTree = "<group>"; };
		DF1AB7D91F66CDDD00CFC06B /* ViewController.swift */ = {isa = PBXFileReference; lastKnownFileType = sourcecode.swift; path = ViewController.swift; sourceTree = "<group>"; };
		DF1AB7DC1F66CDDD00CFC06B /* Base */ = {isa = PBXFileReference; lastKnownFileType = file.storyboard; name = Base; path = Base.lproj/Main.storyboard; sourceTree = "<group>"; };
		DF1AB7DE1F66CDDD00CFC06B /* Assets.xcassets */ = {isa = PBXFileReference; lastKnownFileType = folder.assetcatalog; path = Assets.xcassets; sourceTree = "<group>"; };
		DF1AB7E11F66CDDD00CFC06B /* Base */ = {isa = PBXFileReference; lastKnownFileType = file.storyboard; name = Base; path = Base.lproj/LaunchScreen.storyboard; sourceTree = "<group>"; };
		DF1AB7E31F66CDDD00CFC06B /* Info.plist */ = {isa = PBXFileReference; lastKnownFileType = text.plist.xml; path = Info.plist; sourceTree = "<group>"; };
		DF1AB7E81F66CDDD00CFC06B /* QuizTests.xctest */ = {isa = PBXFileReference; explicitFileType = wrapper.cfbundle; includeInIndex = 0; path = QuizTests.xctest; sourceTree = BUILT_PRODUCTS_DIR; };
		DF1AB7EC1F66CDDD00CFC06B /* QuizTests.swift */ = {isa = PBXFileReference; lastKnownFileType = sourcecode.swift; path = QuizTests.swift; sourceTree = "<group>"; };
		DF1AB7EE1F66CDDD00CFC06B /* Info.plist */ = {isa = PBXFileReference; lastKnownFileType = text.plist.xml; path = Info.plist; sourceTree = "<group>"; };
/* End PBXFileReference section */

/* Begin PBXFrameworksBuildPhase section */
		DF1AB7D11F66CDDD00CFC06B /* Frameworks */ = {
			isa = PBXFrameworksBuildPhase;
			buildActionMask = 2147483647;
			files = (
			);
			runOnlyForDeploymentPostprocessing = 0;
		};
		DF1AB7E51F66CDDD00CFC06B /* Frameworks */ = {
			isa = PBXFrameworksBuildPhase;
			buildActionMask = 2147483647;
			files = (
			);
			runOnlyForDeploymentPostprocessing = 0;
		};
/* End PBXFrameworksBuildPhase section */

/* Begin PBXGroup section */
		DF1AB7CB1F66CDDD00CFC06B = {
			isa = PBXGroup;
			children = (
				DF1AB7D61F66CDDD00CFC06B /* Quiz */,
				DF1AB7EB1F66CDDD00CFC06B /* QuizTests */,
				DF1AB7D51F66CDDD00CFC06B /* Products */,
			);
			sourceTree = "<group>";
		};
		DF1AB7D51F66CDDD00CFC06B /* Products */ = {
			isa = PBXGroup;
			children = (
				DF1AB7D41F66CDDD00CFC06B /* Quiz.app */,
				DF1AB7E81F66CDDD00CFC06B /* QuizTests.xctest */,
			);
			name = Products;
			sourceTree = "<group>";
		};
		DF1AB7D61F66CDDD00CFC06B /* Quiz */ = {
			isa = PBXGroup;
			children = (
				DF1AB7D71F66CDDD00CFC06B /* AppDelegate.swift */,
				DF1AB7D91F66CDDD00CFC06B /* ViewController.swift */,
				DF1AB7DB1F66CDDD00CFC06B /* Main.storyboard */,
				DF1AB7DE1F66CDDD00CFC06B /* Assets.xcassets */,
				DF1AB7E01F66CDDD00CFC06B /* LaunchScreen.storyboard */,
				DF1AB7E31F66CDDD00CFC06B /* Info.plist */,
			);
			path = Quiz;
			sourceTree = "<group>";
		};
		DF1AB7EB1F66CDDD00CFC06B /* QuizTests */ = {
			isa = PBXGroup;
			children = (
				DF1AB7EC1F66CDDD00CFC06B /* QuizTests.swift */,
				DF1AB7EE1F66CDDD00CFC06B /* Info.plist */,
			);
			path = QuizTests;
			sourceTree = "<group>";
		};
/* End PBXGroup section */

/* Begin PBXNativeTarget section */
		DF1AB7D31F66CDDD00CFC06B /* Quiz */ = {
			isa = PBXNativeTarget;
			buildConfigurationList = DF1AB7F11F66CDDD00CFC06B /* Build configuration list for PBXNativeTarget "Quiz" */;
			buildPhases = (
				DF1AB7D01F66CDDD00CFC06B /* Sources */,
				DF1AB7D11F66CDDD00CFC06B /* Frameworks */,
				DF1AB7D21F66CDDD00CFC06B /* Resources */,
			);
			buildRules = (
			);
			dependencies = (
			);
			name = Quiz;
			productName = Quiz;
			productReference = DF1AB7D41F66CDDD00CFC06B /* Quiz.app */;
			productType = "com.apple.product-type.application";
		};
		DF1AB7E71F66CDDD00CFC06B /* QuizTests */ = {
			isa = PBXNativeTarget;
			buildConfigurationList = DF1AB7F41F66CDDD00CFC06B /* Build configuration list for PBXNativeTarget "QuizTests" */;
			buildPhases = (
				DF1AB7E41F66CDDD00CFC06B /* Sources */,
				DF1AB7E51F66CDDD00CFC06B /* Frameworks */,
				DF1AB7E61F66CDDD00CFC06B /* Resources */,
			);
			buildRules = (
			);
			dependencies = (
				DF1AB7EA1F66CDDD00CFC06B /* PBXTargetDependency */,
			);
			name = QuizTests;
			productName = QuizTests;
			productReference = DF1AB7E81F66CDDD00CFC06B /* QuizTests.xctest */;
			productType = "com.apple.product-type.bundle.unit-test";
		};
/* End PBXNativeTarget section */

/* Begin PBXProject section */
		DF1AB7CC1F66CDDD00CFC06B /* Project object */ = {
			isa = PBXProject;
			attributes = {
				LastSwiftUpdateCheck = 0830;
				LastUpgradeCheck = 0830;
				ORGANIZATIONNAME = "Robert Steiner";
				TargetAttributes = {
					DF1AB7D31F66CDDD00CFC06B = {
						CreatedOnToolsVersion = 8.3.3;
						ProvisioningStyle = Automatic;
					};
					DF1AB7E71F66CDDD00CFC06B = {
						CreatedOnToolsVersion = 8.3.3;
						ProvisioningStyle = Automatic;
						TestTargetID = DF1AB7D31F66CDDD00CFC06B;
					};
				};
			};
			buildConfigurationList = DF1AB7CF1F66CDDD00CFC06B /* Build configuration list for PBXProject "Quiz" */;
			compatibilityVersion = "Xcode 3.2";
			developmentRegion = English;
			hasScannedForEncodings = 0;
			knownRegions = (
				en,
				Base,
			);
			mainGroup = DF1AB7CB1F66CDDD00CFC06B;
			productRefGroup = DF1AB7D51F66CDDD00CFC06B /* Products */;
			projectDirPath = "";
			projectRoot = "";
			targets = (
				DF1AB7D31F66CDDD00CFC06B /* Quiz */,
				DF1AB7E71F66CDDD00CFC06B /* QuizTests */,
			);
		};
/* End PBXProject section */

/* Begin PBXResourcesBuildPhase section */
		DF1AB7D21F66CDDD00CFC06B /* Resources */ = {
			isa = PBXResourcesBuildPhase;
			buildActionMask = 2147483647;
			files = (
				DF1AB7E21F66CDDD00CFC06B /* LaunchScreen.storyboard in Resources */,
				DF1AB7DF1F66CDDD00CFC06B /* Assets.xcassets in Resources */,
				DF1AB7DD1F66CDDD00CFC06B /* Main.storyboard in Resources */,
			);
			runOnlyForDeploymentPostprocessing = 0;
		};
		DF1AB7E61F66CDDD00CFC06B /* Resources */ = {
			isa = PBXResourcesBuildPhase;
			buildActionMask = 2147483647;
			files = (
			);
			runOnlyForDeploymentPostprocessing = 0;
		};
/* End PBXResourcesBuildPhase section */

/* Begin PBXSourcesBuildPhase section */
		DF1AB7D01F66CDDD00CFC06B /* Sources */ = {
			isa = PBXSourcesBuildPhase;
			buildActionMask = 2147483647;
			files = (
				DF1AB7DA1F66CDDD00CFC06B /* ViewController.swift in Sources */,
				DF1AB7D81F66CDDD00CFC06B /* AppDelegate.swift in Sources */,
			);
			runOnlyForDeploymentPostprocessing = 0;
		};
		DF1AB7E41F66CDDD00CFC06B /* Sources */ = {
			isa = PBXSourcesBuildPhase;
			buildActionMask = 2147483647;
			files = (
				DF1AB7ED1F66CDDD00CFC06B /* QuizTests.swift in Sources */,
			);
			runOnlyForDeploymentPostprocessing = 0;
		};
/* End PBXSourcesBuildPhase section */

/* Begin PBXTargetDependency section */
		DF1AB7EA1F66CDDD00CFC06B /* PBXTargetDependency */ = {
			isa = PBXTargetDependency;
			target = DF1AB7D31F66CDDD00CFC06B /* Quiz */;
			targetProxy = DF1AB7E91F66CDDD00CFC06B /* PBXContainerItemProxy */;
		};
/* End PBXTargetDependency section */

/* Begin PBXVariantGroup section */
		DF1AB7DB1F66CDDD00CFC06B /* Main.storyboard */ = {
			isa = PBXVariantGroup;
			children = (
				DF1AB7DC1F66CDDD00CFC06B /* Base */,
			);
			name = Main.storyboard;
			sourceTree = "<group>";
		};
		DF1AB7E01F66CDDD00CFC06B /* LaunchScreen.storyboard */ = {
			isa = PBXVariantGroup;
			children = (
				DF1AB7E11F66CDDD00CFC06B /* Base */,
			);
			name = LaunchScreen.storyboard;
			sourceTree = "<group>";
		};
/* End PBXVariantGroup section */

/* Begin XCBuildConfiguration section */
		DF1AB7EF1F66CDDD00CFC06B /* Debug */ = {
			isa = XCBuildConfiguration;
			buildSettings = {
				ALWAYS_SEARCH_USER_PATHS = NO;
				CLANG_ANALYZER_NONNULL = YES;
				CLANG_ANALYZER_NUMBER_OBJECT_CONVERSION = YES_AGGRESSIVE;
				CLANG_CXX_LANGUAGE_STANDARD = "gnu++0x";
				CLANG_CXX_LIBRARY = "libc++";
				CLANG_ENABLE_MODULES = YES;
				CLANG_ENABLE_OBJC_ARC = YES;
				CLANG_WARN_BOOL_CONVERSION = YES;
				CLANG_WARN_CONSTANT_CONVERSION = YES;
				CLANG_WARN_DIRECT_OBJC_ISA_USAGE = YES_ERROR;
				CLANG_WARN_DOCUMENTATION_COMMENTS = YES;
				CLANG_WARN_EMPTY_BODY = YES;
				CLANG_WARN_ENUM_CONVERSION = YES;
				CLANG_WARN_INFINITE_RECURSION = YES;
				CLANG_WARN_INT_CONVERSION = YES;
				CLANG_WARN_OBJC_ROOT_CLASS = YES_ERROR;
				CLANG_WARN_SUSPICIOUS_MOVE = YES;
				CLANG_WARN_UNREACHABLE_CODE = YES;
				CLANG_WARN__DUPLICATE_METHOD_MATCH = YES;
				"CODE_SIGN_IDENTITY[sdk=iphoneos*]" = "iPhone Developer";
				COPY_PHASE_STRIP = NO;
				DEBUG_INFORMATION_FORMAT = dwarf;
				ENABLE_STRICT_OBJC_MSGSEND = YES;
				ENABLE_TESTABILITY = YES;
				GCC_C_LANGUAGE_STANDARD = gnu99;
				GCC_DYNAMIC_NO_PIC = NO;
				GCC_NO_COMMON_BLOCKS = YES;
				GCC_OPTIMIZATION_LEVEL = 0;
				GCC_PREPROCESSOR_DEFINITIONS = (
					"DEBUG=1",
					"$(inherited)",
				);
				GCC_WARN_64_TO_32_BIT_CONVERSION = YES;
				GCC_WARN_ABOUT_RETURN_TYPE = YES_ERROR;
				GCC_WARN_UNDECLARED_SELECTOR = YES;
				GCC_WARN_UNINITIALIZED_AUTOS = YES_AGGRESSIVE;
				GCC_WARN_UNUSED_FUNCTION = YES;
				GCC_WARN_UNUSED_VARIABLE = YES;
				IPHONEOS_DEPLOYMENT_TARGET = 10.3;
				MTL_ENABLE_DEBUG_INFO = YES;
				ONLY_ACTIVE_ARCH = YES;
				SDKROOT = iphoneos;
				SWIFT_ACTIVE_COMPILATION_CONDITIONS = DEBUG;
				SWIFT_OPTIMIZATION_LEVEL = "-Onone";
				TARGETED_DEVICE_FAMILY = "1,2";
			};
			name = Debug;
		};
		DF1AB7F01F66CDDD00CFC06B /* Release */ = {
			isa = XCBuildConfiguration;
			buildSettings = {
				ALWAYS_SEARCH_USER_PATHS = NO;
				CLANG_ANALYZER_NONNULL = YES;
				CLANG_ANALYZER_NUMBER_OBJECT_CONVERSION = YES_AGGRESSIVE;
				CLANG_CXX_LANGUAGE_STANDARD = "gnu++0x";
				CLANG_CXX_LIBRARY = "libc++";
				CLANG_ENABLE_MODULES = YES;
				CLANG_ENABLE_OBJC_ARC = YES;
				CLANG_WARN_BOOL_CONVERSION = YES;
				CLANG_WARN_CONSTANT_CONVERSION = YES;
				CLANG_WARN_DIRECT_OBJC_ISA_USAGE = YES_ERROR;
				CLANG_WARN_DOCUMENTATION_COMMENTS = YES;
				CLANG_WARN_EMPTY_BODY = YES;
				CLANG_WARN_ENUM_CONVERSION = YES;
				CLANG_WARN_INFINITE_RECURSION = YES;
				CLANG_WARN_INT_CONVERSION = YES;
				CLANG_WARN_OBJC_ROOT_CLASS = YES_ERROR;
				CLANG_WARN_SUSPICIOUS_MOVE = YES;
				CLANG_WARN_UNREACHABLE_CODE = YES;
				CLANG_WARN__DUPLICATE_METHOD_MATCH = YES;
				"CODE_SIGN_IDENTITY[sdk=iphoneos*]" = "iPhone Developer";
				COPY_PHASE_STRIP = NO;
				DEBUG_INFORMATION_FORMAT = "dwarf-with-dsym";
				ENABLE_NS_ASSERTIONS = NO;
				ENABLE_STRICT_OBJC_MSGSEND = YES;
				GCC_C_LANGUAGE_STANDARD = gnu99;
				GCC_NO_COMMON_BLOCKS = YES;
				GCC_WARN_64_TO_32_BIT_CONVERSION = YES;
				GCC_WARN_ABOUT_RETURN_TYPE = YES_ERROR;
				GCC_WARN_UNDECLARED_SELECTOR = YES;
				GCC_WARN_UNINITIALIZED_AUTOS = YES_AGGRESSIVE;
				GCC_WARN_UNUSED_FUNCTION = YES;
				GCC_WARN_UNUSED_VARIABLE = YES;
				IPHONEOS_DEPLOYMENT_TARGET = 10.3;
				MTL_ENABLE_DEBUG_INFO = NO;
				SDKROOT = iphoneos;
				SWIFT_OPTIMIZATION_LEVEL = "-Owholemodule";
				TARGETED_DEVICE_FAMILY = "1,2";
				VALIDATE_PRODUCT = YES;
			};
			name = Release;
		};
		DF1AB7F21F66CDDD00CFC06B /* Debug */ = {
			isa = XCBuildConfiguration;
			buildSettings = {
				ASSETCATALOG_COMPILER_APPICON_NAME = AppIcon;
				INFOPLIST_FILE = Quiz/Info.plist;
				LD_RUNPATH_SEARCH_PATHS = "$(inherited) @executable_path/Frameworks";
				PRODUCT_BUNDLE_IDENTIFIER = com.game.Quiz;
				PRODUCT_NAME = "$(TARGET_NAME)";
				SWIFT_VERSION = 3.0;
			};
			name = Debug;
		};
		DF1AB7F31F66CDDD00CFC06B /* Release */ = {
			isa = XCBuildConfiguration;
			buildSettings = {
				ASSETCATALOG_COMPILER_APPICON_NAME = AppIcon;
				INFOPLIST_FILE = Quiz/Info.plist;
				LD_RUNPATH_SEARCH_PATHS = "$(inherited) @executable_path/Frameworks";
				PRODUCT_BUNDLE_IDENTIFIER = com.game.Quiz;
				PRODUCT_NAME = "$(TARGET_NAME)";
				SWIFT_VERSION = 3.0;
			};
			name = Release;
		};
		DF1AB7F51F66CDDD00CFC06B /* Debug */ = {
			isa = XCBuildConfiguration;
			buildSettings = {
				ALWAYS_EMBED_SWIFT_STANDARD_LIBRARIES = YES;
				BUNDLE_LOADER = "$(TEST_HOST)";
				INFOPLIST_FILE = QuizTests/Info.plist;
				LD_RUNPATH_SEARCH_PATHS = "$(inherited) @executable_path/Frameworks @loader_path/Frameworks";
				PRODUCT_BUNDLE_IDENTIFIER = com.game.QuizTests;
				PRODUCT_NAME = "$(TARGET_NAME)";
				SWIFT_VERSION = 3.0;
				TEST_HOST = "$(BUILT_PRODUCTS_DIR)/Quiz.app/Quiz";
			};
			name = Debug;
		};
		DF1AB7F61F66CDDD00CFC06B /* Release */ = {
			isa = XCBuildConfiguration;
			buildSettings = {
				ALWAYS_EMBED_SWIFT_STANDARD_LIBRARIES = YES;
				BUNDLE_LOADER = "$(TEST_HOST)";
				INFOPLIST_FILE = QuizTests/Info.plist;
				LD_RUNPATH_SEARCH_PATHS = "$(inherited) @executable_path/Frameworks @loader_path/Frameworks";
				PRODUCT_BUNDLE_IDENTIFIER = com.game.QuizTests;
				PRODUCT_NAME = "$(TARGET_NAME)";
				SWIFT_VERSION = 3.0;
				TEST_HOST = "$(BUILT_PRODUCTS_DIR)/Quiz.app/Quiz";
			};
			name = Release;
		};
/* End XCBuildConfiguration section */

/* Begin XCConfigurationList section */
		DF1AB7CF1F66CDDD00CFC06B /* Build configuration list for PBXProject "Quiz" */ = {
			isa = XCConfigurationList;
			buildConfigurations = (
				DF1AB7EF1F66CDDD00CFC06B /* Debug */,
				DF1AB7F01F66CDDD00CFC06B /* Release */,
			);
			defaultConfigurationIsVisible = 0;
			defaultConfigurationName = Release;
		};
		DF1AB7F11F66CDDD00CFC06B /* Build configuration list for PBXNativeTarget "Quiz" */ = {
			isa = XCConfigurationList;
			buildConfigurations = (
				DF1AB7F21F66CDDD00CFC06B /* Debug */,
				DF1AB7F31F66CDDD00CFC06B /* Release */,
			);
			defaultConfigurationIsVisible = 0;
		};
		DF1AB7F41F66CDDD00CFC06B /* Build configuration list for PBXNativeTarget "QuizTests" */ = {
			isa = XCConfigurationList;
			buildConfigurations = (
				DF1AB7F51F66CDDD00CFC06B /* Debug */,
				DF1AB7F61F66CDDD00CFC06B /* Release */,
			);
			defaultConfigurationIsVisible = 0;
		};
/* End XCConfigurationList section */
	};
	rootObject = DF1AB7CC1F66CDDD00CFC06B /* Project object */;
}
