// !$*UTF8*$!
{
	archiveVersion = 1;
	classes = {
	};
	objectVersion = 48;
	objects = {

/* Begin PBXBuildFile section */
		DFBF7E2D1F68875C00FF1112 /* AppDelegate.swift in Sources */ = {isa = PBXBuildFile; fileRef = DFBF7E2C1F68875C00FF1112 /* AppDelegate.swift */; };
		DFBF7E2F1F68875C00FF1112 /* ViewController.swift in Sources */ = {isa = PBXBuildFile; fileRef = DFBF7E2E1F68875C00FF1112 /* ViewController.swift */; };
		DFBF7E321F68875C00FF1112 /* Main.storyboard in Resources */ = {isa = PBXBuildFile; fileRef = DFBF7E301F68875C00FF1112 /* Main.storyboard */; };
		DFBF7E341F68875C00FF1112 /* Assets.xcassets in Resources */ = {isa = PBXBuildFile; fileRef = DFBF7E331F68875C00FF1112 /* Assets.xcassets */; };
		DFBF7E371F68875C00FF1112 /* LaunchScreen.storyboard in Resources */ = {isa = PBXBuildFile; fileRef = DFBF7E351F68875C00FF1112 /* LaunchScreen.storyboard */; };
		DFBF7E421F68875C00FF1112 /* BuggyTests.swift in Sources */ = {isa = PBXBuildFile; fileRef = DFBF7E411F68875C00FF1112 /* BuggyTests.swift */; };
		DFBF7E4D1F68875C00FF1112 /* BuggyUITests.swift in Sources */ = {isa = PBXBuildFile; fileRef = DFBF7E4C1F68875C00FF1112 /* BuggyUITests.swift */; };
/* End PBXBuildFile section */

/* Begin PBXContainerItemProxy section */
		DFBF7E3E1F68875C00FF1112 /* PBXContainerItemProxy */ = {
			isa = PBXContainerItemProxy;
			containerPortal = DFBF7E211F68875B00FF1112 /* Project object */;
			proxyType = 1;
			remoteGlobalIDString = DFBF7E281F68875C00FF1112;
			remoteInfo = Buggy;
		};
		DFBF7E491F68875C00FF1112 /* PBXContainerItemProxy */ = {
			isa = PBXContainerItemProxy;
			containerPortal = DFBF7E211F68875B00FF1112 /* Project object */;
			proxyType = 1;
			remoteGlobalIDString = DFBF7E281F68875C00FF1112;
			remoteInfo = Buggy;
		};
/* End PBXContainerItemProxy section */

/* Begin PBXFileReference section */
		DFBF7E291F68875C00FF1112 /* Buggy.app */ = {isa = PBXFileReference; explicitFileType = wrapper.application; includeInIndex = 0; path = Buggy.app; sourceTree = BUILT_PRODUCTS_DIR; };
		DFBF7E2C1F68875C00FF1112 /* AppDelegate.swift */ = {isa = PBXFileReference; lastKnownFileType = sourcecode.swift; path = AppDelegate.swift; sourceTree = "<group>"; };
		DFBF7E2E1F68875C00FF1112 /* ViewController.swift */ = {isa = PBXFileReference; lastKnownFileType = sourcecode.swift; path = ViewController.swift; sourceTree = "<group>"; };
		DFBF7E311F68875C00FF1112 /* Base */ = {isa = PBXFileReference; lastKnownFileType = file.storyboard; name = Base; path = Base.lproj/Main.storyboard; sourceTree = "<group>"; };
		DFBF7E331F68875C00FF1112 /* Assets.xcassets */ = {isa = PBXFileReference; lastKnownFileType = folder.assetcatalog; path = Assets.xcassets; sourceTree = "<group>"; };
		DFBF7E361F68875C00FF1112 /* Base */ = {isa = PBXFileReference; lastKnownFileType = file.storyboard; name = Base; path = Base.lproj/LaunchScreen.storyboard; sourceTree = "<group>"; };
		DFBF7E381F68875C00FF1112 /* Info.plist */ = {isa = PBXFileReference; lastKnownFileType = text.plist.xml; path = Info.plist; sourceTree = "<group>"; };
		DFBF7E3D1F68875C00FF1112 /* BuggyTests.xctest */ = {isa = PBXFileReference; explicitFileType = wrapper.cfbundle; includeInIndex = 0; path = BuggyTests.xctest; sourceTree = BUILT_PRODUCTS_DIR; };
		DFBF7E411F68875C00FF1112 /* BuggyTests.swift */ = {isa = PBXFileReference; lastKnownFileType = sourcecode.swift; path = BuggyTests.swift; sourceTree = "<group>"; };
		DFBF7E431F68875C00FF1112 /* Info.plist */ = {isa = PBXFileReference; lastKnownFileType = text.plist.xml; path = Info.plist; sourceTree = "<group>"; };
		DFBF7E481F68875C00FF1112 /* BuggyUITests.xctest */ = {isa = PBXFileReference; explicitFileType = wrapper.cfbundle; includeInIndex = 0; path = BuggyUITests.xctest; sourceTree = BUILT_PRODUCTS_DIR; };
		DFBF7E4C1F68875C00FF1112 /* BuggyUITests.swift */ = {isa = PBXFileReference; lastKnownFileType = sourcecode.swift; path = BuggyUITests.swift; sourceTree = "<group>"; };
		DFBF7E4E1F68875C00FF1112 /* Info.plist */ = {isa = PBXFileReference; lastKnownFileType = text.plist.xml; path = Info.plist; sourceTree = "<group>"; };
/* End PBXFileReference section */

/* Begin PBXFrameworksBuildPhase section */
		DFBF7E261F68875C00FF1112 /* Frameworks */ = {
			isa = PBXFrameworksBuildPhase;
			buildActionMask = 2147483647;
			files = (
			);
			runOnlyForDeploymentPostprocessing = 0;
		};
		DFBF7E3A1F68875C00FF1112 /* Frameworks */ = {
			isa = PBXFrameworksBuildPhase;
			buildActionMask = 2147483647;
			files = (
			);
			runOnlyForDeploymentPostprocessing = 0;
		};
		DFBF7E451F68875C00FF1112 /* Frameworks */ = {
			isa = PBXFrameworksBuildPhase;
			buildActionMask = 2147483647;
			files = (
			);
			runOnlyForDeploymentPostprocessing = 0;
		};
/* End PBXFrameworksBuildPhase section */

/* Begin PBXGroup section */
		DFBF7E201F68875B00FF1112 = {
			isa = PBXGroup;
			children = (
				DFBF7E2B1F68875C00FF1112 /* Buggy */,
				DFBF7E401F68875C00FF1112 /* BuggyTests */,
				DFBF7E4B1F68875C00FF1112 /* BuggyUITests */,
				DFBF7E2A1F68875C00FF1112 /* Products */,
			);
			sourceTree = "<group>";
		};
		DFBF7E2A1F68875C00FF1112 /* Products */ = {
			isa = PBXGroup;
			children = (
				DFBF7E291F68875C00FF1112 /* Buggy.app */,
				DFBF7E3D1F68875C00FF1112 /* BuggyTests.xctest */,
				DFBF7E481F68875C00FF1112 /* BuggyUITests.xctest */,
			);
			name = Products;
			sourceTree = "<group>";
		};
		DFBF7E2B1F68875C00FF1112 /* Buggy */ = {
			isa = PBXGroup;
			children = (
				DFBF7E2C1F68875C00FF1112 /* AppDelegate.swift */,
				DFBF7E2E1F68875C00FF1112 /* ViewController.swift */,
				DFBF7E301F68875C00FF1112 /* Main.storyboard */,
				DFBF7E331F68875C00FF1112 /* Assets.xcassets */,
				DFBF7E351F68875C00FF1112 /* LaunchScreen.storyboard */,
				DFBF7E381F68875C00FF1112 /* Info.plist */,
			);
			path = Buggy;
			sourceTree = "<group>";
		};
		DFBF7E401F68875C00FF1112 /* BuggyTests */ = {
			isa = PBXGroup;
			children = (
				DFBF7E411F68875C00FF1112 /* BuggyTests.swift */,
				DFBF7E431F68875C00FF1112 /* Info.plist */,
			);
			path = BuggyTests;
			sourceTree = "<group>";
		};
		DFBF7E4B1F68875C00FF1112 /* BuggyUITests */ = {
			isa = PBXGroup;
			children = (
				DFBF7E4C1F68875C00FF1112 /* BuggyUITests.swift */,
				DFBF7E4E1F68875C00FF1112 /* Info.plist */,
			);
			path = BuggyUITests;
			sourceTree = "<group>";
		};
/* End PBXGroup section */

/* Begin PBXNativeTarget section */
		DFBF7E281F68875C00FF1112 /* Buggy */ = {
			isa = PBXNativeTarget;
			buildConfigurationList = DFBF7E511F68875C00FF1112 /* Build configuration list for PBXNativeTarget "Buggy" */;
			buildPhases = (
				DFBF7E251F68875C00FF1112 /* Sources */,
				DFBF7E261F68875C00FF1112 /* Frameworks */,
				DFBF7E271F68875C00FF1112 /* Resources */,
			);
			buildRules = (
			);
			dependencies = (
			);
			name = Buggy;
			productName = Buggy;
			productReference = DFBF7E291F68875C00FF1112 /* Buggy.app */;
			productType = "com.apple.product-type.application";
		};
		DFBF7E3C1F68875C00FF1112 /* BuggyTests */ = {
			isa = PBXNativeTarget;
			buildConfigurationList = DFBF7E541F68875C00FF1112 /* Build configuration list for PBXNativeTarget "BuggyTests" */;
			buildPhases = (
				DFBF7E391F68875C00FF1112 /* Sources */,
				DFBF7E3A1F68875C00FF1112 /* Frameworks */,
				DFBF7E3B1F68875C00FF1112 /* Resources */,
			);
			buildRules = (
			);
			dependencies = (
				DFBF7E3F1F68875C00FF1112 /* PBXTargetDependency */,
			);
			name = BuggyTests;
			productName = BuggyTests;
			productReference = DFBF7E3D1F68875C00FF1112 /* BuggyTests.xctest */;
			productType = "com.apple.product-type.bundle.unit-test";
		};
		DFBF7E471F68875C00FF1112 /* BuggyUITests */ = {
			isa = PBXNativeTarget;
			buildConfigurationList = DFBF7E571F68875C00FF1112 /* Build configuration list for PBXNativeTarget "BuggyUITests" */;
			buildPhases = (
				DFBF7E441F68875C00FF1112 /* Sources */,
				DFBF7E451F68875C00FF1112 /* Frameworks */,
				DFBF7E461F68875C00FF1112 /* Resources */,
			);
			buildRules = (
			);
			dependencies = (
				DFBF7E4A1F68875C00FF1112 /* PBXTargetDependency */,
			);
			name = BuggyUITests;
			productName = BuggyUITests;
			productReference = DFBF7E481F68875C00FF1112 /* BuggyUITests.xctest */;
			productType = "com.apple.product-type.bundle.ui-testing";
		};
/* End PBXNativeTarget section */

/* Begin PBXProject section */
		DFBF7E211F68875B00FF1112 /* Project object */ = {
			isa = PBXProject;
			attributes = {
				LastSwiftUpdateCheck = 0900;
				LastUpgradeCheck = 0900;
				ORGANIZATIONNAME = "Robert Steiner";
				TargetAttributes = {
					DFBF7E281F68875C00FF1112 = {
						CreatedOnToolsVersion = 9.0;
						ProvisioningStyle = Manual;
					};
					DFBF7E3C1F68875C00FF1112 = {
						CreatedOnToolsVersion = 9.0;
						ProvisioningStyle = Automatic;
						TestTargetID = DFBF7E281F68875C00FF1112;
					};
					DFBF7E471F68875C00FF1112 = {
						CreatedOnToolsVersion = 9.0;
						ProvisioningStyle = Automatic;
						TestTargetID = DFBF7E281F68875C00FF1112;
					};
				};
			};
			buildConfigurationList = DFBF7E241F68875B00FF1112 /* Build configuration list for PBXProject "Buggy" */;
			compatibilityVersion = "Xcode 8.0";
			developmentRegion = en;
			hasScannedForEncodings = 0;
			knownRegions = (
				en,
				Base,
			);
			mainGroup = DFBF7E201F68875B00FF1112;
			productRefGroup = DFBF7E2A1F68875C00FF1112 /* Products */;
			projectDirPath = "";
			projectRoot = "";
			targets = (
				DFBF7E281F68875C00FF1112 /* Buggy */,
				DFBF7E3C1F68875C00FF1112 /* BuggyTests */,
				DFBF7E471F68875C00FF1112 /* BuggyUITests */,
			);
		};
/* End PBXProject section */

/* Begin PBXResourcesBuildPhase section */
		DFBF7E271F68875C00FF1112 /* Resources */ = {
			isa = PBXResourcesBuildPhase;
			buildActionMask = 2147483647;
			files = (
				DFBF7E371F68875C00FF1112 /* LaunchScreen.storyboard in Resources */,
				DFBF7E341F68875C00FF1112 /* Assets.xcassets in Resources */,
				DFBF7E321F68875C00FF1112 /* Main.storyboard in Resources */,
			);
			runOnlyForDeploymentPostprocessing = 0;
		};
		DFBF7E3B1F68875C00FF1112 /* Resources */ = {
			isa = PBXResourcesBuildPhase;
			buildActionMask = 2147483647;
			files = (
			);
			runOnlyForDeploymentPostprocessing = 0;
		};
		DFBF7E461F68875C00FF1112 /* Resources */ = {
			isa = PBXResourcesBuildPhase;
			buildActionMask = 2147483647;
			files = (
			);
			runOnlyForDeploymentPostprocessing = 0;
		};
/* End PBXResourcesBuildPhase section */

/* Begin PBXSourcesBuildPhase section */
		DFBF7E251F68875C00FF1112 /* Sources */ = {
			isa = PBXSourcesBuildPhase;
			buildActionMask = 2147483647;
			files = (
				DFBF7E2F1F68875C00FF1112 /* ViewController.swift in Sources */,
				DFBF7E2D1F68875C00FF1112 /* AppDelegate.swift in Sources */,
			);
			runOnlyForDeploymentPostprocessing = 0;
		};
		DFBF7E391F68875C00FF1112 /* Sources */ = {
			isa = PBXSourcesBuildPhase;
			buildActionMask = 2147483647;
			files = (
				DFBF7E421F68875C00FF1112 /* BuggyTests.swift in Sources */,
			);
			runOnlyForDeploymentPostprocessing = 0;
		};
		DFBF7E441F68875C00FF1112 /* Sources */ = {
			isa = PBXSourcesBuildPhase;
			buildActionMask = 2147483647;
			files = (
				DFBF7E4D1F68875C00FF1112 /* BuggyUITests.swift in Sources */,
			);
			runOnlyForDeploymentPostprocessing = 0;
		};
/* End PBXSourcesBuildPhase section */

/* Begin PBXTargetDependency section */
		DFBF7E3F1F68875C00FF1112 /* PBXTargetDependency */ = {
			isa = PBXTargetDependency;
			target = DFBF7E281F68875C00FF1112 /* Buggy */;
			targetProxy = DFBF7E3E1F68875C00FF1112 /* PBXContainerItemProxy */;
		};
		DFBF7E4A1F68875C00FF1112 /* PBXTargetDependency */ = {
			isa = PBXTargetDependency;
			target = DFBF7E281F68875C00FF1112 /* Buggy */;
			targetProxy = DFBF7E491F68875C00FF1112 /* PBXContainerItemProxy */;
		};
/* End PBXTargetDependency section */

/* Begin PBXVariantGroup section */
		DFBF7E301F68875C00FF1112 /* Main.storyboard */ = {
			isa = PBXVariantGroup;
			children = (
				DFBF7E311F68875C00FF1112 /* Base */,
			);
			name = Main.storyboard;
			sourceTree = "<group>";
		};
		DFBF7E351F68875C00FF1112 /* LaunchScreen.storyboard */ = {
			isa = PBXVariantGroup;
			children = (
				DFBF7E361F68875C00FF1112 /* Base */,
			);
			name = LaunchScreen.storyboard;
			sourceTree = "<group>";
		};
/* End PBXVariantGroup section */

/* Begin XCBuildConfiguration section */
		DFBF7E4F1F68875C00FF1112 /* Debug */ = {
			isa = XCBuildConfiguration;
			buildSettings = {
				ALWAYS_SEARCH_USER_PATHS = NO;
				CLANG_ANALYZER_NONNULL = YES;
				CLANG_ANALYZER_NUMBER_OBJECT_CONVERSION = YES_AGGRESSIVE;
				CLANG_CXX_LANGUAGE_STANDARD = "gnu++14";
				CLANG_CXX_LIBRARY = "libc++";
				CLANG_ENABLE_MODULES = YES;
				CLANG_ENABLE_OBJC_ARC = YES;
				CLANG_WARN_BLOCK_CAPTURE_AUTORELEASING = YES;
				CLANG_WARN_BOOL_CONVERSION = YES;
				CLANG_WARN_COMMA = YES;
				CLANG_WARN_CONSTANT_CONVERSION = YES;
				CLANG_WARN_DIRECT_OBJC_ISA_USAGE = YES_ERROR;
				CLANG_WARN_DOCUMENTATION_COMMENTS = YES;
				CLANG_WARN_EMPTY_BODY = YES;
				CLANG_WARN_ENUM_CONVERSION = YES;
				CLANG_WARN_INFINITE_RECURSION = YES;
				CLANG_WARN_INT_CONVERSION = YES;
				CLANG_WARN_NON_LITERAL_NULL_CONVERSION = YES;
				CLANG_WARN_OBJC_LITERAL_CONVERSION = YES;
				CLANG_WARN_OBJC_ROOT_CLASS = YES_ERROR;
				CLANG_WARN_RANGE_LOOP_ANALYSIS = YES;
				CLANG_WARN_STRICT_PROTOTYPES = YES;
				CLANG_WARN_SUSPICIOUS_MOVE = YES;
				CLANG_WARN_UNGUARDED_AVAILABILITY = YES_AGGRESSIVE;
				CLANG_WARN_UNREACHABLE_CODE = YES;
				CLANG_WARN__DUPLICATE_METHOD_MATCH = YES;
				CODE_SIGN_IDENTITY = "iPhone Developer";
				COPY_PHASE_STRIP = NO;
				DEBUG_INFORMATION_FORMAT = dwarf;
				ENABLE_STRICT_OBJC_MSGSEND = YES;
				ENABLE_TESTABILITY = YES;
				GCC_C_LANGUAGE_STANDARD = gnu11;
				GCC_DYNAMIC_NO_PIC = NO;
				GCC_NO_COMMON_BLOCKS = YES;
				GCC_OPTIMIZATION_LEVEL = 0;
				GCC_PREPROCESSOR_DEFINITIONS = (
					"DEBUG=1",
					"$(inherited)",
				);
				GCC_WARN_64_TO_32_BIT_CONVERSION = YES;
				GCC_WARN_ABOUT_RETURN_TYPE = YES_ERROR;
				GCC_WARN_UNDECLARED_SELECTOR = YES;
				GCC_WARN_UNINITIALIZED_AUTOS = YES_AGGRESSIVE;
				GCC_WARN_UNUSED_FUNCTION = YES;
				GCC_WARN_UNUSED_VARIABLE = YES;
				IPHONEOS_DEPLOYMENT_TARGET = 11.0;
				MTL_ENABLE_DEBUG_INFO = YES;
				ONLY_ACTIVE_ARCH = YES;
				SDKROOT = iphoneos;
				SWIFT_ACTIVE_COMPILATION_CONDITIONS = DEBUG;
				SWIFT_OPTIMIZATION_LEVEL = "-Onone";
			};
			name = Debug;
		};
		DFBF7E501F68875C00FF1112 /* Release */ = {
			isa = XCBuildConfiguration;
			buildSettings = {
				ALWAYS_SEARCH_USER_PATHS = NO;
				CLANG_ANALYZER_NONNULL = YES;
				CLANG_ANALYZER_NUMBER_OBJECT_CONVERSION = YES_AGGRESSIVE;
				CLANG_CXX_LANGUAGE_STANDARD = "gnu++14";
				CLANG_CXX_LIBRARY = "libc++";
				CLANG_ENABLE_MODULES = YES;
				CLANG_ENABLE_OBJC_ARC = YES;
				CLANG_WARN_BLOCK_CAPTURE_AUTORELEASING = YES;
				CLANG_WARN_BOOL_CONVERSION = YES;
				CLANG_WARN_COMMA = YES;
				CLANG_WARN_CONSTANT_CONVERSION = YES;
				CLANG_WARN_DIRECT_OBJC_ISA_USAGE = YES_ERROR;
				CLANG_WARN_DOCUMENTATION_COMMENTS = YES;
				CLANG_WARN_EMPTY_BODY = YES;
				CLANG_WARN_ENUM_CONVERSION = YES;
				CLANG_WARN_INFINITE_RECURSION = YES;
				CLANG_WARN_INT_CONVERSION = YES;
				CLANG_WARN_NON_LITERAL_NULL_CONVERSION = YES;
				CLANG_WARN_OBJC_LITERAL_CONVERSION = YES;
				CLANG_WARN_OBJC_ROOT_CLASS = YES_ERROR;
				CLANG_WARN_RANGE_LOOP_ANALYSIS = YES;
				CLANG_WARN_STRICT_PROTOTYPES = YES;
				CLANG_WARN_SUSPICIOUS_MOVE = YES;
				CLANG_WARN_UNGUARDED_AVAILABILITY = YES_AGGRESSIVE;
				CLANG_WARN_UNREACHABLE_CODE = YES;
				CLANG_WARN__DUPLICATE_METHOD_MATCH = YES;
				CODE_SIGN_IDENTITY = "iPhone Developer";
				COPY_PHASE_STRIP = NO;
				DEBUG_INFORMATION_FORMAT = "dwarf-with-dsym";
				ENABLE_NS_ASSERTIONS = NO;
				ENABLE_STRICT_OBJC_MSGSEND = YES;
				GCC_C_LANGUAGE_STANDARD = gnu11;
				GCC_NO_COMMON_BLOCKS = YES;
				GCC_WARN_64_TO_32_BIT_CONVERSION = YES;
				GCC_WARN_ABOUT_RETURN_TYPE = YES_ERROR;
				GCC_WARN_UNDECLARED_SELECTOR = YES;
				GCC_WARN_UNINITIALIZED_AUTOS = YES_AGGRESSIVE;
				GCC_WARN_UNUSED_FUNCTION = YES;
				GCC_WARN_UNUSED_VARIABLE = YES;
				IPHONEOS_DEPLOYMENT_TARGET = 11.0;
				MTL_ENABLE_DEBUG_INFO = NO;
				SDKROOT = iphoneos;
				SWIFT_OPTIMIZATION_LEVEL = "-Owholemodule";
				VALIDATE_PRODUCT = YES;
			};
			name = Release;
		};
		DFBF7E521F68875C00FF1112 /* Debug */ = {
			isa = XCBuildConfiguration;
			buildSettings = {
				ASSETCATALOG_COMPILER_APPICON_NAME = AppIcon;
				CODE_SIGN_STYLE = Manual;
				DEVELOPMENT_TEAM = "";
				INFOPLIST_FILE = Buggy/Info.plist;
				LD_RUNPATH_SEARCH_PATHS = "$(inherited) @executable_path/Frameworks";
				PRODUCT_BUNDLE_IDENTIFIER = com.game.Buggy;
				PRODUCT_NAME = "$(TARGET_NAME)";
				PROVISIONING_PROFILE_SPECIFIER = "";
				SWIFT_VERSION = 4.0;
				TARGETED_DEVICE_FAMILY = "1,2";
			};
			name = Debug;
		};
		DFBF7E531F68875C00FF1112 /* Release */ = {
			isa = XCBuildConfiguration;
			buildSettings = {
				ASSETCATALOG_COMPILER_APPICON_NAME = AppIcon;
				CODE_SIGN_STYLE = Manual;
				DEVELOPMENT_TEAM = "";
				INFOPLIST_FILE = Buggy/Info.plist;
				LD_RUNPATH_SEARCH_PATHS = "$(inherited) @executable_path/Frameworks";
				PRODUCT_BUNDLE_IDENTIFIER = com.game.Buggy;
				PRODUCT_NAME = "$(TARGET_NAME)";
				PROVISIONING_PROFILE_SPECIFIER = "";
				SWIFT_VERSION = 4.0;
				TARGETED_DEVICE_FAMILY = "1,2";
			};
			name = Release;
		};
		DFBF7E551F68875C00FF1112 /* Debug */ = {
			isa = XCBuildConfiguration;
			buildSettings = {
				ALWAYS_EMBED_SWIFT_STANDARD_LIBRARIES = YES;
				BUNDLE_LOADER = "$(TEST_HOST)";
				CODE_SIGN_STYLE = Automatic;
				INFOPLIST_FILE = BuggyTests/Info.plist;
				LD_RUNPATH_SEARCH_PATHS = "$(inherited) @executable_path/Frameworks @loader_path/Frameworks";
				PRODUCT_BUNDLE_IDENTIFIER = com.game.BuggyTests;
				PRODUCT_NAME = "$(TARGET_NAME)";
				SWIFT_VERSION = 4.0;
				TARGETED_DEVICE_FAMILY = "1,2";
				TEST_HOST = "$(BUILT_PRODUCTS_DIR)/Buggy.app/Buggy";
			};
			name = Debug;
		};
		DFBF7E561F68875C00FF1112 /* Release */ = {
			isa = XCBuildConfiguration;
			buildSettings = {
				ALWAYS_EMBED_SWIFT_STANDARD_LIBRARIES = YES;
				BUNDLE_LOADER = "$(TEST_HOST)";
				CODE_SIGN_STYLE = Automatic;
				INFOPLIST_FILE = BuggyTests/Info.plist;
				LD_RUNPATH_SEARCH_PATHS = "$(inherited) @executable_path/Frameworks @loader_path/Frameworks";
				PRODUCT_BUNDLE_IDENTIFIER = com.game.BuggyTests;
				PRODUCT_NAME = "$(TARGET_NAME)";
				SWIFT_VERSION = 4.0;
				TARGETED_DEVICE_FAMILY = "1,2";
				TEST_HOST = "$(BUILT_PRODUCTS_DIR)/Buggy.app/Buggy";
			};
			name = Release;
		};
		DFBF7E581F68875C00FF1112 /* Debug */ = {
			isa = XCBuildConfiguration;
			buildSettings = {
				ALWAYS_EMBED_SWIFT_STANDARD_LIBRARIES = YES;
				CODE_SIGN_STYLE = Automatic;
				INFOPLIST_FILE = BuggyUITests/Info.plist;
				LD_RUNPATH_SEARCH_PATHS = "$(inherited) @executable_path/Frameworks @loader_path/Frameworks";
				PRODUCT_BUNDLE_IDENTIFIER = com.game.BuggyUITests;
				PRODUCT_NAME = "$(TARGET_NAME)";
				SWIFT_VERSION = 4.0;
				TARGETED_DEVICE_FAMILY = "1,2";
				TEST_TARGET_NAME = Buggy;
			};
			name = Debug;
		};
		DFBF7E591F68875C00FF1112 /* Release */ = {
			isa = XCBuildConfiguration;
			buildSettings = {
				ALWAYS_EMBED_SWIFT_STANDARD_LIBRARIES = YES;
				CODE_SIGN_STYLE = Automatic;
				INFOPLIST_FILE = BuggyUITests/Info.plist;
				LD_RUNPATH_SEARCH_PATHS = "$(inherited) @executable_path/Frameworks @loader_path/Frameworks";
				PRODUCT_BUNDLE_IDENTIFIER = com.game.BuggyUITests;
				PRODUCT_NAME = "$(TARGET_NAME)";
				SWIFT_VERSION = 4.0;
				TARGETED_DEVICE_FAMILY = "1,2";
				TEST_TARGET_NAME = Buggy;
			};
			name = Release;
		};
/* End XCBuildConfiguration section */

/* Begin XCConfigurationList section */
		DFBF7E241F68875B00FF1112 /* Build configuration list for PBXProject "Buggy" */ = {
			isa = XCConfigurationList;
			buildConfigurations = (
				DFBF7E4F1F68875C00FF1112 /* Debug */,
				DFBF7E501F68875C00FF1112 /* Release */,
			);
			defaultConfigurationIsVisible = 0;
			defaultConfigurationName = Release;
		};
		DFBF7E511F68875C00FF1112 /* Build configuration list for PBXNativeTarget "Buggy" */ = {
			isa = XCConfigurationList;
			buildConfigurations = (
				DFBF7E521F68875C00FF1112 /* Debug */,
				DFBF7E531F68875C00FF1112 /* Release */,
			);
			defaultConfigurationIsVisible = 0;
			defaultConfigurationName = Release;
		};
		DFBF7E541F68875C00FF1112 /* Build configuration list for PBXNativeTarget "BuggyTests" */ = {
			isa = XCConfigurationList;
			buildConfigurations = (
				DFBF7E551F68875C00FF1112 /* Debug */,
				DFBF7E561F68875C00FF1112 /* Release */,
			);
			defaultConfigurationIsVisible = 0;
			defaultConfigurationName = Release;
		};
		DFBF7E571F68875C00FF1112 /* Build configuration list for PBXNativeTarget "BuggyUITests" */ = {
			isa = XCConfigurationList;
			buildConfigurations = (
				DFBF7E581F68875C00FF1112 /* Debug */,
				DFBF7E591F68875C00FF1112 /* Release */,
			);
			defaultConfigurationIsVisible = 0;
			defaultConfigurationName = Release;
		};
/* End XCConfigurationList section */
	};
	rootObject = DFBF7E211F68875B00FF1112 /* Project object */;
}
